<?xml version="1.0" encoding="UTF-8"?>
<!DOCTYPE plist PUBLIC "-//Apple//DTD PLIST 1.0//EN" "http://www.apple.com/DTDs/PropertyList-1.0.dtd">
<plist version="1.0">
<dict>
	<key>archiveVersion</key>
	<string>1</string>
	<key>classes</key>
	<dict/>
	<key>objectVersion</key>
	<string>46</string>
	<key>objects</key>
	<dict>
		<key>0428948E4D90431F8AAB3BE8</key>
		<dict>
			<key>buildActionMask</key>
			<string>2147483647</string>
			<key>files</key>
			<array/>
			<key>inputPaths</key>
			<array/>
			<key>isa</key>
			<string>PBXShellScriptBuildPhase</string>
			<key>name</key>
			<string>Copy Pods Resources</string>
			<key>outputPaths</key>
			<array/>
			<key>runOnlyForDeploymentPostprocessing</key>
			<string>0</string>
			<key>shellPath</key>
			<string>/bin/sh</string>
			<key>shellScript</key>
			<string>"${SRCROOT}/Pods/Pods-resources.sh"
</string>
			<key>showEnvVarsInLog</key>
			<string>0</string>
		</dict>
		<key>173D893006EF4AAAA872360E</key>
		<dict>
			<key>fileRef</key>
			<string>A4836183621A40E6A3882484</string>
			<key>isa</key>
			<string>PBXBuildFile</string>
		</dict>
		<key>52781D2F17CD6BB9001A32F7</key>
		<dict>
			<key>children</key>
			<array>
				<string>52781DA317CD6E64001A32F7</string>
				<string>52781D8617CD6E56001A32F7</string>
				<string>52781D4117CD6BB9001A32F7</string>
				<string>52781D6017CD6BB9001A32F7</string>
				<string>52781D3A17CD6BB9001A32F7</string>
				<string>52781D3917CD6BB9001A32F7</string>
				<string>78303E5978024B31B009D9D1</string>
			</array>
			<key>isa</key>
			<string>PBXGroup</string>
			<key>sourceTree</key>
			<string>&lt;group&gt;</string>
		</dict>
		<key>52781D3017CD6BB9001A32F7</key>
		<dict>
			<key>attributes</key>
			<dict>
				<key>LastUpgradeCheck</key>
				<string>0500</string>
				<key>ORGANIZATIONNAME</key>
				<string>Shyam Bhat</string>
				<key>TargetAttributes</key>
				<dict>
					<key>52781D5817CD6BB9001A32F7</key>
					<dict>
						<key>TestTargetID</key>
						<string>52781D3717CD6BB9001A32F7</string>
					</dict>
				</dict>
			</dict>
			<key>buildConfigurationList</key>
			<string>52781D3317CD6BB9001A32F7</string>
			<key>compatibilityVersion</key>
			<string>Xcode 3.2</string>
			<key>developmentRegion</key>
			<string>English</string>
			<key>hasScannedForEncodings</key>
			<string>0</string>
			<key>isa</key>
			<string>PBXProject</string>
			<key>knownRegions</key>
			<array>
				<string>en</string>
				<string>Base</string>
			</array>
			<key>mainGroup</key>
			<string>52781D2F17CD6BB9001A32F7</string>
			<key>productRefGroup</key>
			<string>52781D3917CD6BB9001A32F7</string>
			<key>projectDirPath</key>
			<string></string>
			<key>projectReferences</key>
			<array/>
			<key>projectRoot</key>
			<string></string>
			<key>targets</key>
			<array>
				<string>52781D3717CD6BB9001A32F7</string>
				<string>52781D5817CD6BB9001A32F7</string>
			</array>
		</dict>
		<key>52781D3317CD6BB9001A32F7</key>
		<dict>
			<key>buildConfigurations</key>
			<array>
				<string>52781D6817CD6BB9001A32F7</string>
				<string>52781D6917CD6BB9001A32F7</string>
			</array>
			<key>defaultConfigurationIsVisible</key>
			<string>0</string>
			<key>defaultConfigurationName</key>
			<string>Release</string>
			<key>isa</key>
			<string>XCConfigurationList</string>
		</dict>
		<key>52781D3417CD6BB9001A32F7</key>
		<dict>
			<key>buildActionMask</key>
			<string>2147483647</string>
			<key>files</key>
			<array>
				<string>52781DA017CD6E56001A32F7</string>
				<string>52781DA117CD6E56001A32F7</string>
				<string>52781DB517CD6E64001A32F7</string>
				<string>52781DB717CD6E64001A32F7</string>
				<string>52781DB317CD6E64001A32F7</string>
				<string>52781D9D17CD6E56001A32F7</string>
				<string>52781D9B17CD6E56001A32F7</string>
				<string>52781DB817CD6E64001A32F7</string>
				<string>52781D7C17CD6C85001A32F7</string>
				<string>52781D8417CD6CF9001A32F7</string>
				<string>52781D4817CD6BB9001A32F7</string>
				<string>52781D8517CD6CF9001A32F7</string>
				<string>52781D7F17CD6C85001A32F7</string>
				<string>52781D9C17CD6E56001A32F7</string>
				<string>52781D9E17CD6E56001A32F7</string>
				<string>52781DA217CD6E56001A32F7</string>
				<string>52781D8017CD6C85001A32F7</string>
				<string>52781DB417CD6E64001A32F7</string>
				<string>52781D7E17CD6C85001A32F7</string>
				<string>52781DB617CD6E64001A32F7</string>
				<string>52781D9A17CD6E56001A32F7</string>
				<string>52781D9F17CD6E56001A32F7</string>
			</array>
			<key>isa</key>
			<string>PBXSourcesBuildPhase</string>
			<key>runOnlyForDeploymentPostprocessing</key>
			<string>0</string>
		</dict>
		<key>52781D3517CD6BB9001A32F7</key>
		<dict>
			<key>buildActionMask</key>
			<string>2147483647</string>
			<key>files</key>
			<array>
				<string>52781D4017CD6BB9001A32F7</string>
				<string>52781D3C17CD6BB9001A32F7</string>
				<string>52781D3E17CD6BB9001A32F7</string>
				<string>52781DBC17CD6E9B001A32F7</string>
				<string>52781DBA17CD6E8D001A32F7</string>
				<string>173D893006EF4AAAA872360E</string>
			</array>
			<key>isa</key>
			<string>PBXFrameworksBuildPhase</string>
			<key>runOnlyForDeploymentPostprocessing</key>
			<string>0</string>
		</dict>
		<key>52781D3617CD6BB9001A32F7</key>
		<dict>
			<key>buildActionMask</key>
			<string>2147483647</string>
			<key>files</key>
			<array>
				<string>52781D5417CD6BB9001A32F7</string>
				<string>52781D4617CD6BB9001A32F7</string>
				<string>52781D4F17CD6BB9001A32F7</string>
			</array>
			<key>isa</key>
			<string>PBXResourcesBuildPhase</string>
			<key>runOnlyForDeploymentPostprocessing</key>
			<string>0</string>
		</dict>
		<key>52781D3717CD6BB9001A32F7</key>
		<dict>
			<key>buildConfigurationList</key>
			<string>52781D6A17CD6BB9001A32F7</string>
			<key>buildPhases</key>
			<array>
				<string>A181D67C98294C16A045A0B9</string>
				<string>52781D3417CD6BB9001A32F7</string>
				<string>52781D3517CD6BB9001A32F7</string>
				<string>52781D3617CD6BB9001A32F7</string>
				<string>0428948E4D90431F8AAB3BE8</string>
			</array>
			<key>buildRules</key>
			<array/>
			<key>dependencies</key>
			<array/>
			<key>isa</key>
			<string>PBXNativeTarget</string>
			<key>name</key>
			<string>InstagramKitDemo</string>
			<key>productName</key>
			<string>InstagramKitDemo</string>
			<key>productReference</key>
			<string>52781D3817CD6BB9001A32F7</string>
			<key>productType</key>
			<string>com.apple.product-type.application</string>
		</dict>
		<key>52781D3817CD6BB9001A32F7</key>
		<dict>
			<key>explicitFileType</key>
			<string>wrapper.application</string>
			<key>includeInIndex</key>
			<string>0</string>
			<key>isa</key>
			<string>PBXFileReference</string>
			<key>path</key>
			<string>InstagramKitDemo.app</string>
			<key>sourceTree</key>
			<string>BUILT_PRODUCTS_DIR</string>
		</dict>
		<key>52781D3917CD6BB9001A32F7</key>
		<dict>
			<key>children</key>
			<array>
				<string>52781D3817CD6BB9001A32F7</string>
				<string>52781D5917CD6BB9001A32F7</string>
			</array>
			<key>isa</key>
			<string>PBXGroup</string>
			<key>name</key>
			<string>Products</string>
			<key>sourceTree</key>
			<string>&lt;group&gt;</string>
		</dict>
		<key>52781D3A17CD6BB9001A32F7</key>
		<dict>
			<key>children</key>
			<array>
				<string>52781DBB17CD6E9B001A32F7</string>
				<string>52781DB917CD6E8D001A32F7</string>
				<string>52781D3B17CD6BB9001A32F7</string>
				<string>52781D3D17CD6BB9001A32F7</string>
				<string>52781D3F17CD6BB9001A32F7</string>
				<string>52781D5A17CD6BB9001A32F7</string>
				<string>A4836183621A40E6A3882484</string>
			</array>
			<key>isa</key>
			<string>PBXGroup</string>
			<key>name</key>
			<string>Frameworks</string>
			<key>sourceTree</key>
			<string>&lt;group&gt;</string>
		</dict>
		<key>52781D3B17CD6BB9001A32F7</key>
		<dict>
			<key>isa</key>
			<string>PBXFileReference</string>
			<key>lastKnownFileType</key>
			<string>wrapper.framework</string>
			<key>name</key>
			<string>Foundation.framework</string>
			<key>path</key>
			<string>System/Library/Frameworks/Foundation.framework</string>
			<key>sourceTree</key>
			<string>SDKROOT</string>
		</dict>
		<key>52781D3C17CD6BB9001A32F7</key>
		<dict>
			<key>fileRef</key>
			<string>52781D3B17CD6BB9001A32F7</string>
			<key>isa</key>
			<string>PBXBuildFile</string>
		</dict>
		<key>52781D3D17CD6BB9001A32F7</key>
		<dict>
			<key>isa</key>
			<string>PBXFileReference</string>
			<key>lastKnownFileType</key>
			<string>wrapper.framework</string>
			<key>name</key>
			<string>CoreGraphics.framework</string>
			<key>path</key>
			<string>System/Library/Frameworks/CoreGraphics.framework</string>
			<key>sourceTree</key>
			<string>SDKROOT</string>
		</dict>
		<key>52781D3E17CD6BB9001A32F7</key>
		<dict>
			<key>fileRef</key>
			<string>52781D3D17CD6BB9001A32F7</string>
			<key>isa</key>
			<string>PBXBuildFile</string>
		</dict>
		<key>52781D3F17CD6BB9001A32F7</key>
		<dict>
			<key>isa</key>
			<string>PBXFileReference</string>
			<key>lastKnownFileType</key>
			<string>wrapper.framework</string>
			<key>name</key>
			<string>UIKit.framework</string>
			<key>path</key>
			<string>System/Library/Frameworks/UIKit.framework</string>
			<key>sourceTree</key>
			<string>SDKROOT</string>
		</dict>
		<key>52781D4017CD6BB9001A32F7</key>
		<dict>
			<key>fileRef</key>
			<string>52781D3F17CD6BB9001A32F7</string>
			<key>isa</key>
			<string>PBXBuildFile</string>
		</dict>
		<key>52781D4117CD6BB9001A32F7</key>
		<dict>
			<key>children</key>
			<array>
				<string>52781D7017CD6C85001A32F7</string>
				<string>52781D4D17CD6BB9001A32F7</string>
				<string>52781D5317CD6BB9001A32F7</string>
				<string>52781D4217CD6BB9001A32F7</string>
			</array>
			<key>isa</key>
			<string>PBXGroup</string>
			<key>path</key>
			<string>InstagramKitDemo</string>
			<key>sourceTree</key>
			<string>&lt;group&gt;</string>
		</dict>
		<key>52781D4217CD6BB9001A32F7</key>
		<dict>
			<key>children</key>
			<array>
				<string>52781D8117CD6CF9001A32F7</string>
				<string>52781D8217CD6CF9001A32F7</string>
				<string>52781D8317CD6CF9001A32F7</string>
				<string>52781D4317CD6BB9001A32F7</string>
				<string>52781D4417CD6BB9001A32F7</string>
				<string>52781D4717CD6BB9001A32F7</string>
				<string>52781D4917CD6BB9001A32F7</string>
			</array>
			<key>isa</key>
			<string>PBXGroup</string>
			<key>name</key>
			<string>Supporting Files</string>
			<key>sourceTree</key>
			<string>&lt;group&gt;</string>
		</dict>
		<key>52781D4317CD6BB9001A32F7</key>
		<dict>
			<key>isa</key>
			<string>PBXFileReference</string>
			<key>lastKnownFileType</key>
			<string>text.plist.xml</string>
			<key>path</key>
			<string>InstagramKitDemo-Info.plist</string>
			<key>sourceTree</key>
			<string>&lt;group&gt;</string>
		</dict>
		<key>52781D4417CD6BB9001A32F7</key>
		<dict>
			<key>children</key>
			<array>
				<string>52781D4517CD6BB9001A32F7</string>
			</array>
			<key>isa</key>
			<string>PBXVariantGroup</string>
			<key>name</key>
			<string>InfoPlist.strings</string>
			<key>sourceTree</key>
			<string>&lt;group&gt;</string>
		</dict>
		<key>52781D4517CD6BB9001A32F7</key>
		<dict>
			<key>isa</key>
			<string>PBXFileReference</string>
			<key>lastKnownFileType</key>
			<string>text.plist.strings</string>
			<key>name</key>
			<string>en</string>
			<key>path</key>
			<string>en.lproj/InfoPlist.strings</string>
			<key>sourceTree</key>
			<string>&lt;group&gt;</string>
		</dict>
		<key>52781D4617CD6BB9001A32F7</key>
		<dict>
			<key>fileRef</key>
			<string>52781D4417CD6BB9001A32F7</string>
			<key>isa</key>
			<string>PBXBuildFile</string>
		</dict>
		<key>52781D4717CD6BB9001A32F7</key>
		<dict>
			<key>isa</key>
			<string>PBXFileReference</string>
			<key>lastKnownFileType</key>
			<string>sourcecode.c.objc</string>
			<key>path</key>
			<string>main.m</string>
			<key>sourceTree</key>
			<string>&lt;group&gt;</string>
		</dict>
		<key>52781D4817CD6BB9001A32F7</key>
		<dict>
			<key>fileRef</key>
			<string>52781D4717CD6BB9001A32F7</string>
			<key>isa</key>
			<string>PBXBuildFile</string>
		</dict>
		<key>52781D4917CD6BB9001A32F7</key>
		<dict>
			<key>isa</key>
			<string>PBXFileReference</string>
			<key>lastKnownFileType</key>
			<string>sourcecode.c.h</string>
			<key>path</key>
			<string>InstagramKitDemo-Prefix.pch</string>
			<key>sourceTree</key>
			<string>&lt;group&gt;</string>
		</dict>
		<key>52781D4D17CD6BB9001A32F7</key>
		<dict>
			<key>children</key>
			<array>
				<string>52781D4E17CD6BB9001A32F7</string>
			</array>
			<key>isa</key>
			<string>PBXVariantGroup</string>
			<key>name</key>
			<string>Main.storyboard</string>
			<key>sourceTree</key>
			<string>&lt;group&gt;</string>
		</dict>
		<key>52781D4E17CD6BB9001A32F7</key>
		<dict>
			<key>isa</key>
			<string>PBXFileReference</string>
			<key>lastKnownFileType</key>
			<string>file.storyboard</string>
			<key>name</key>
			<string>Base</string>
			<key>path</key>
			<string>Base.lproj/Main.storyboard</string>
			<key>sourceTree</key>
			<string>&lt;group&gt;</string>
		</dict>
		<key>52781D4F17CD6BB9001A32F7</key>
		<dict>
			<key>fileRef</key>
			<string>52781D4D17CD6BB9001A32F7</string>
			<key>isa</key>
			<string>PBXBuildFile</string>
		</dict>
		<key>52781D5317CD6BB9001A32F7</key>
		<dict>
			<key>isa</key>
			<string>PBXFileReference</string>
			<key>lastKnownFileType</key>
			<string>folder.assetcatalog</string>
			<key>path</key>
			<string>Images.xcassets</string>
			<key>sourceTree</key>
			<string>&lt;group&gt;</string>
		</dict>
		<key>52781D5417CD6BB9001A32F7</key>
		<dict>
			<key>fileRef</key>
			<string>52781D5317CD6BB9001A32F7</string>
			<key>isa</key>
			<string>PBXBuildFile</string>
		</dict>
		<key>52781D5517CD6BB9001A32F7</key>
		<dict>
			<key>buildActionMask</key>
			<string>2147483647</string>
			<key>files</key>
			<array>
				<string>52781D6717CD6BB9001A32F7</string>
			</array>
			<key>isa</key>
			<string>PBXSourcesBuildPhase</string>
			<key>runOnlyForDeploymentPostprocessing</key>
			<string>0</string>
		</dict>
		<key>52781D5617CD6BB9001A32F7</key>
		<dict>
			<key>buildActionMask</key>
			<string>2147483647</string>
			<key>files</key>
			<array>
				<string>52781D5B17CD6BB9001A32F7</string>
				<string>52781D5D17CD6BB9001A32F7</string>
				<string>52781D5C17CD6BB9001A32F7</string>
			</array>
			<key>isa</key>
			<string>PBXFrameworksBuildPhase</string>
			<key>runOnlyForDeploymentPostprocessing</key>
			<string>0</string>
		</dict>
		<key>52781D5717CD6BB9001A32F7</key>
		<dict>
			<key>buildActionMask</key>
			<string>2147483647</string>
			<key>files</key>
			<array>
				<string>52781D6517CD6BB9001A32F7</string>
			</array>
			<key>isa</key>
			<string>PBXResourcesBuildPhase</string>
			<key>runOnlyForDeploymentPostprocessing</key>
			<string>0</string>
		</dict>
		<key>52781D5817CD6BB9001A32F7</key>
		<dict>
			<key>buildConfigurationList</key>
			<string>52781D6D17CD6BB9001A32F7</string>
			<key>buildPhases</key>
			<array>
				<string>52781D5517CD6BB9001A32F7</string>
				<string>52781D5617CD6BB9001A32F7</string>
				<string>52781D5717CD6BB9001A32F7</string>
			</array>
			<key>buildRules</key>
			<array/>
			<key>dependencies</key>
			<array>
				<string>52781D5F17CD6BB9001A32F7</string>
			</array>
			<key>isa</key>
			<string>PBXNativeTarget</string>
			<key>name</key>
			<string>InstagramKitDemoTests</string>
			<key>productName</key>
			<string>InstagramKitDemoTests</string>
			<key>productReference</key>
			<string>52781D5917CD6BB9001A32F7</string>
			<key>productType</key>
			<string>com.apple.product-type.bundle.unit-test</string>
		</dict>
		<key>52781D5917CD6BB9001A32F7</key>
		<dict>
			<key>explicitFileType</key>
			<string>wrapper.cfbundle</string>
			<key>includeInIndex</key>
			<string>0</string>
			<key>isa</key>
			<string>PBXFileReference</string>
			<key>path</key>
			<string>InstagramKitDemoTests.xctest</string>
			<key>sourceTree</key>
			<string>BUILT_PRODUCTS_DIR</string>
		</dict>
		<key>52781D5A17CD6BB9001A32F7</key>
		<dict>
			<key>isa</key>
			<string>PBXFileReference</string>
			<key>lastKnownFileType</key>
			<string>wrapper.framework</string>
			<key>name</key>
			<string>XCTest.framework</string>
			<key>path</key>
			<string>Library/Frameworks/XCTest.framework</string>
			<key>sourceTree</key>
			<string>DEVELOPER_DIR</string>
		</dict>
		<key>52781D5B17CD6BB9001A32F7</key>
		<dict>
			<key>fileRef</key>
			<string>52781D5A17CD6BB9001A32F7</string>
			<key>isa</key>
			<string>PBXBuildFile</string>
		</dict>
		<key>52781D5C17CD6BB9001A32F7</key>
		<dict>
			<key>fileRef</key>
			<string>52781D3B17CD6BB9001A32F7</string>
			<key>isa</key>
			<string>PBXBuildFile</string>
		</dict>
		<key>52781D5D17CD6BB9001A32F7</key>
		<dict>
			<key>fileRef</key>
			<string>52781D3F17CD6BB9001A32F7</string>
			<key>isa</key>
			<string>PBXBuildFile</string>
		</dict>
		<key>52781D5E17CD6BB9001A32F7</key>
		<dict>
			<key>containerPortal</key>
			<string>52781D3017CD6BB9001A32F7</string>
			<key>isa</key>
			<string>PBXContainerItemProxy</string>
			<key>proxyType</key>
			<string>1</string>
			<key>remoteGlobalIDString</key>
			<string>52781D3717CD6BB9001A32F7</string>
			<key>remoteInfo</key>
			<string>InstagramKitDemo</string>
		</dict>
		<key>52781D5F17CD6BB9001A32F7</key>
		<dict>
			<key>isa</key>
			<string>PBXTargetDependency</string>
			<key>target</key>
			<string>52781D3717CD6BB9001A32F7</string>
			<key>targetProxy</key>
			<string>52781D5E17CD6BB9001A32F7</string>
		</dict>
		<key>52781D6017CD6BB9001A32F7</key>
		<dict>
			<key>children</key>
			<array>
				<string>52781D6617CD6BB9001A32F7</string>
				<string>52781D6117CD6BB9001A32F7</string>
			</array>
			<key>isa</key>
			<string>PBXGroup</string>
			<key>path</key>
			<string>InstagramKitDemoTests</string>
			<key>sourceTree</key>
			<string>&lt;group&gt;</string>
		</dict>
		<key>52781D6117CD6BB9001A32F7</key>
		<dict>
			<key>children</key>
			<array>
				<string>52781D6217CD6BB9001A32F7</string>
				<string>52781D6317CD6BB9001A32F7</string>
			</array>
			<key>isa</key>
			<string>PBXGroup</string>
			<key>name</key>
			<string>Supporting Files</string>
			<key>sourceTree</key>
			<string>&lt;group&gt;</string>
		</dict>
		<key>52781D6217CD6BB9001A32F7</key>
		<dict>
			<key>isa</key>
			<string>PBXFileReference</string>
			<key>lastKnownFileType</key>
			<string>text.plist.xml</string>
			<key>path</key>
			<string>InstagramKitDemoTests-Info.plist</string>
			<key>sourceTree</key>
			<string>&lt;group&gt;</string>
		</dict>
		<key>52781D6317CD6BB9001A32F7</key>
		<dict>
			<key>children</key>
			<array>
				<string>52781D6417CD6BB9001A32F7</string>
			</array>
			<key>isa</key>
			<string>PBXVariantGroup</string>
			<key>name</key>
			<string>InfoPlist.strings</string>
			<key>sourceTree</key>
			<string>&lt;group&gt;</string>
		</dict>
		<key>52781D6417CD6BB9001A32F7</key>
		<dict>
			<key>isa</key>
			<string>PBXFileReference</string>
			<key>lastKnownFileType</key>
			<string>text.plist.strings</string>
			<key>name</key>
			<string>en</string>
			<key>path</key>
			<string>en.lproj/InfoPlist.strings</string>
			<key>sourceTree</key>
			<string>&lt;group&gt;</string>
		</dict>
		<key>52781D6517CD6BB9001A32F7</key>
		<dict>
			<key>fileRef</key>
			<string>52781D6317CD6BB9001A32F7</string>
			<key>isa</key>
			<string>PBXBuildFile</string>
		</dict>
		<key>52781D6617CD6BB9001A32F7</key>
		<dict>
			<key>isa</key>
			<string>PBXFileReference</string>
			<key>lastKnownFileType</key>
			<string>sourcecode.c.objc</string>
			<key>path</key>
			<string>InstagramKitDemoTests.m</string>
			<key>sourceTree</key>
			<string>&lt;group&gt;</string>
		</dict>
		<key>52781D6717CD6BB9001A32F7</key>
		<dict>
			<key>fileRef</key>
			<string>52781D6617CD6BB9001A32F7</string>
			<key>isa</key>
			<string>PBXBuildFile</string>
		</dict>
		<key>52781D6817CD6BB9001A32F7</key>
		<dict>
			<key>buildSettings</key>
			<dict>
				<key>ALWAYS_SEARCH_USER_PATHS</key>
				<string>NO</string>
				<key>CLANG_CXX_LANGUAGE_STANDARD</key>
				<string>gnu++0x</string>
				<key>CLANG_CXX_LIBRARY</key>
				<string>libc++</string>
				<key>CLANG_ENABLE_MODULES</key>
				<string>YES</string>
				<key>CLANG_ENABLE_OBJC_ARC</key>
				<string>YES</string>
				<key>CLANG_WARN_BOOL_CONVERSION</key>
				<string>YES</string>
				<key>CLANG_WARN_CONSTANT_CONVERSION</key>
				<string>YES</string>
				<key>CLANG_WARN_DIRECT_OBJC_ISA_USAGE</key>
				<string>YES_ERROR</string>
				<key>CLANG_WARN_EMPTY_BODY</key>
				<string>YES</string>
				<key>CLANG_WARN_ENUM_CONVERSION</key>
				<string>YES</string>
				<key>CLANG_WARN_INT_CONVERSION</key>
				<string>YES</string>
				<key>CLANG_WARN_OBJC_ROOT_CLASS</key>
				<string>YES_ERROR</string>
				<key>CLANG_WARN__DUPLICATE_METHOD_MATCH</key>
				<string>YES</string>
				<key>CODE_SIGN_IDENTITY[sdk=iphoneos*]</key>
				<string>iPhone Developer</string>
				<key>COPY_PHASE_STRIP</key>
				<string>NO</string>
				<key>GCC_C_LANGUAGE_STANDARD</key>
				<string>gnu99</string>
				<key>GCC_DYNAMIC_NO_PIC</key>
				<string>NO</string>
				<key>GCC_OPTIMIZATION_LEVEL</key>
				<string>0</string>
				<key>GCC_PREPROCESSOR_DEFINITIONS</key>
				<array>
					<string>DEBUG=1</string>
					<string>$(inherited)</string>
				</array>
				<key>GCC_SYMBOLS_PRIVATE_EXTERN</key>
				<string>NO</string>
				<key>GCC_WARN_ABOUT_RETURN_TYPE</key>
				<string>YES_ERROR</string>
				<key>GCC_WARN_UNDECLARED_SELECTOR</key>
				<string>YES</string>
				<key>GCC_WARN_UNINITIALIZED_AUTOS</key>
				<string>YES</string>
				<key>GCC_WARN_UNUSED_FUNCTION</key>
				<string>YES</string>
				<key>GCC_WARN_UNUSED_VARIABLE</key>
				<string>YES</string>
				<key>IPHONEOS_DEPLOYMENT_TARGET</key>
				<string>7.0</string>
				<key>ONLY_ACTIVE_ARCH</key>
				<string>YES</string>
				<key>SDKROOT</key>
				<string>iphoneos</string>
			</dict>
			<key>isa</key>
			<string>XCBuildConfiguration</string>
			<key>name</key>
			<string>Debug</string>
		</dict>
		<key>52781D6917CD6BB9001A32F7</key>
		<dict>
			<key>buildSettings</key>
			<dict>
				<key>ALWAYS_SEARCH_USER_PATHS</key>
				<string>NO</string>
				<key>CLANG_CXX_LANGUAGE_STANDARD</key>
				<string>gnu++0x</string>
				<key>CLANG_CXX_LIBRARY</key>
				<string>libc++</string>
				<key>CLANG_ENABLE_MODULES</key>
				<string>YES</string>
				<key>CLANG_ENABLE_OBJC_ARC</key>
				<string>YES</string>
				<key>CLANG_WARN_BOOL_CONVERSION</key>
				<string>YES</string>
				<key>CLANG_WARN_CONSTANT_CONVERSION</key>
				<string>YES</string>
				<key>CLANG_WARN_DIRECT_OBJC_ISA_USAGE</key>
				<string>YES_ERROR</string>
				<key>CLANG_WARN_EMPTY_BODY</key>
				<string>YES</string>
				<key>CLANG_WARN_ENUM_CONVERSION</key>
				<string>YES</string>
				<key>CLANG_WARN_INT_CONVERSION</key>
				<string>YES</string>
				<key>CLANG_WARN_OBJC_ROOT_CLASS</key>
				<string>YES_ERROR</string>
				<key>CLANG_WARN__DUPLICATE_METHOD_MATCH</key>
				<string>YES</string>
				<key>CODE_SIGN_IDENTITY[sdk=iphoneos*]</key>
				<string>iPhone Developer</string>
				<key>COPY_PHASE_STRIP</key>
				<string>YES</string>
				<key>ENABLE_NS_ASSERTIONS</key>
				<string>NO</string>
				<key>GCC_C_LANGUAGE_STANDARD</key>
				<string>gnu99</string>
				<key>GCC_WARN_ABOUT_RETURN_TYPE</key>
				<string>YES_ERROR</string>
				<key>GCC_WARN_UNDECLARED_SELECTOR</key>
				<string>YES</string>
				<key>GCC_WARN_UNINITIALIZED_AUTOS</key>
				<string>YES</string>
				<key>GCC_WARN_UNUSED_FUNCTION</key>
				<string>YES</string>
				<key>GCC_WARN_UNUSED_VARIABLE</key>
				<string>YES</string>
				<key>IPHONEOS_DEPLOYMENT_TARGET</key>
				<string>7.0</string>
				<key>SDKROOT</key>
				<string>iphoneos</string>
				<key>VALIDATE_PRODUCT</key>
				<string>YES</string>
			</dict>
			<key>isa</key>
			<string>XCBuildConfiguration</string>
			<key>name</key>
			<string>Release</string>
		</dict>
		<key>52781D6A17CD6BB9001A32F7</key>
		<dict>
			<key>buildConfigurations</key>
			<array>
				<string>52781D6B17CD6BB9001A32F7</string>
				<string>52781D6C17CD6BB9001A32F7</string>
			</array>
			<key>defaultConfigurationIsVisible</key>
			<string>0</string>
			<key>defaultConfigurationName</key>
			<string>Release</string>
			<key>isa</key>
			<string>XCConfigurationList</string>
		</dict>
		<key>52781D6B17CD6BB9001A32F7</key>
		<dict>
			<key>baseConfigurationReference</key>
			<string>78303E5978024B31B009D9D1</string>
			<key>buildSettings</key>
			<dict>
				<key>ASSETCATALOG_COMPILER_APPICON_NAME</key>
				<string>AppIcon</string>
				<key>ASSETCATALOG_COMPILER_LAUNCHIMAGE_NAME</key>
				<string>LaunchImage</string>
				<key>GCC_PRECOMPILE_PREFIX_HEADER</key>
				<string>YES</string>
				<key>GCC_PREFIX_HEADER</key>
				<string>InstagramKitDemo/InstagramKitDemo-Prefix.pch</string>
				<key>INFOPLIST_FILE</key>
				<string>InstagramKitDemo/InstagramKitDemo-Info.plist</string>
				<key>PRODUCT_NAME</key>
				<string>$(TARGET_NAME)</string>
				<key>WRAPPER_EXTENSION</key>
				<string>app</string>
			</dict>
			<key>isa</key>
			<string>XCBuildConfiguration</string>
			<key>name</key>
			<string>Debug</string>
		</dict>
		<key>52781D6C17CD6BB9001A32F7</key>
		<dict>
			<key>baseConfigurationReference</key>
			<string>78303E5978024B31B009D9D1</string>
			<key>buildSettings</key>
			<dict>
				<key>ASSETCATALOG_COMPILER_APPICON_NAME</key>
				<string>AppIcon</string>
				<key>ASSETCATALOG_COMPILER_LAUNCHIMAGE_NAME</key>
				<string>LaunchImage</string>
				<key>GCC_PRECOMPILE_PREFIX_HEADER</key>
				<string>YES</string>
				<key>GCC_PREFIX_HEADER</key>
				<string>InstagramKitDemo/InstagramKitDemo-Prefix.pch</string>
				<key>INFOPLIST_FILE</key>
				<string>InstagramKitDemo/InstagramKitDemo-Info.plist</string>
				<key>PRODUCT_NAME</key>
				<string>$(TARGET_NAME)</string>
				<key>WRAPPER_EXTENSION</key>
				<string>app</string>
			</dict>
			<key>isa</key>
			<string>XCBuildConfiguration</string>
			<key>name</key>
			<string>Release</string>
		</dict>
		<key>52781D6D17CD6BB9001A32F7</key>
		<dict>
			<key>buildConfigurations</key>
			<array>
				<string>52781D6E17CD6BB9001A32F7</string>
				<string>52781D6F17CD6BB9001A32F7</string>
			</array>
			<key>defaultConfigurationIsVisible</key>
			<string>0</string>
			<key>defaultConfigurationName</key>
			<string>Release</string>
			<key>isa</key>
			<string>XCConfigurationList</string>
		</dict>
		<key>52781D6E17CD6BB9001A32F7</key>
		<dict>
			<key>buildSettings</key>
			<dict>
				<key>BUNDLE_LOADER</key>
				<string>$(BUILT_PRODUCTS_DIR)/InstagramKitDemo.app/InstagramKitDemo</string>
				<key>FRAMEWORK_SEARCH_PATHS</key>
				<array>
					<string>$(SDKROOT)/Developer/Library/Frameworks</string>
					<string>$(inherited)</string>
					<string>$(DEVELOPER_FRAMEWORKS_DIR)</string>
				</array>
				<key>GCC_PRECOMPILE_PREFIX_HEADER</key>
				<string>YES</string>
				<key>GCC_PREFIX_HEADER</key>
				<string>InstagramKitDemo/InstagramKitDemo-Prefix.pch</string>
				<key>GCC_PREPROCESSOR_DEFINITIONS</key>
				<array>
					<string>DEBUG=1</string>
					<string>$(inherited)</string>
				</array>
				<key>INFOPLIST_FILE</key>
				<string>InstagramKitDemoTests/InstagramKitDemoTests-Info.plist</string>
				<key>PRODUCT_NAME</key>
				<string>$(TARGET_NAME)</string>
				<key>TEST_HOST</key>
				<string>$(BUNDLE_LOADER)</string>
				<key>WRAPPER_EXTENSION</key>
				<string>xctest</string>
			</dict>
			<key>isa</key>
			<string>XCBuildConfiguration</string>
			<key>name</key>
			<string>Debug</string>
		</dict>
		<key>52781D6F17CD6BB9001A32F7</key>
		<dict>
			<key>buildSettings</key>
			<dict>
				<key>BUNDLE_LOADER</key>
				<string>$(BUILT_PRODUCTS_DIR)/InstagramKitDemo.app/InstagramKitDemo</string>
				<key>FRAMEWORK_SEARCH_PATHS</key>
				<array>
					<string>$(SDKROOT)/Developer/Library/Frameworks</string>
					<string>$(inherited)</string>
					<string>$(DEVELOPER_FRAMEWORKS_DIR)</string>
				</array>
				<key>GCC_PRECOMPILE_PREFIX_HEADER</key>
				<string>YES</string>
				<key>GCC_PREFIX_HEADER</key>
				<string>InstagramKitDemo/InstagramKitDemo-Prefix.pch</string>
				<key>INFOPLIST_FILE</key>
				<string>InstagramKitDemoTests/InstagramKitDemoTests-Info.plist</string>
				<key>PRODUCT_NAME</key>
				<string>$(TARGET_NAME)</string>
				<key>TEST_HOST</key>
				<string>$(BUNDLE_LOADER)</string>
				<key>WRAPPER_EXTENSION</key>
				<string>xctest</string>
			</dict>
			<key>isa</key>
			<string>XCBuildConfiguration</string>
			<key>name</key>
			<string>Release</string>
		</dict>
		<key>52781D7017CD6C85001A32F7</key>
		<dict>
			<key>children</key>
			<array>
				<string>52781D7117CD6C85001A32F7</string>
				<string>52781D7217CD6C85001A32F7</string>
				<string>52781D7417CD6C85001A32F7</string>
			</array>
			<key>isa</key>
			<string>PBXGroup</string>
			<key>path</key>
			<string>Classes</string>
			<key>sourceTree</key>
			<string>&lt;group&gt;</string>
		</dict>
		<key>52781D7117CD6C85001A32F7</key>
		<dict>
			<key>fileEncoding</key>
			<string>4</string>
			<key>isa</key>
			<string>PBXFileReference</string>
			<key>lastKnownFileType</key>
			<string>sourcecode.c.h</string>
			<key>path</key>
			<string>AppDelegate.h</string>
			<key>sourceTree</key>
			<string>&lt;group&gt;</string>
		</dict>
		<key>52781D7217CD6C85001A32F7</key>
		<dict>
			<key>fileEncoding</key>
			<string>4</string>
			<key>isa</key>
			<string>PBXFileReference</string>
			<key>lastKnownFileType</key>
			<string>sourcecode.c.objc</string>
			<key>path</key>
			<string>AppDelegate.m</string>
			<key>sourceTree</key>
			<string>&lt;group&gt;</string>
		</dict>
		<key>52781D7417CD6C85001A32F7</key>
		<dict>
			<key>children</key>
			<array>
				<string>52781D7517CD6C85001A32F7</string>
				<string>52781D7817CD6C85001A32F7</string>
				<string>52781D7917CD6C85001A32F7</string>
				<string>52781D7A17CD6C85001A32F7</string>
				<string>52781D7B17CD6C85001A32F7</string>
			</array>
			<key>isa</key>
			<string>PBXGroup</string>
			<key>path</key>
			<string>View</string>
			<key>sourceTree</key>
			<string>&lt;group&gt;</string>
		</dict>
		<key>52781D7517CD6C85001A32F7</key>
		<dict>
			<key>children</key>
			<array>
				<string>52781D7617CD6C85001A32F7</string>
				<string>52781D7717CD6C85001A32F7</string>
			</array>
			<key>isa</key>
			<string>PBXGroup</string>
			<key>path</key>
			<string>CollectionView Cells</string>
			<key>sourceTree</key>
			<string>&lt;group&gt;</string>
		</dict>
		<key>52781D7617CD6C85001A32F7</key>
		<dict>
			<key>fileEncoding</key>
			<string>4</string>
			<key>isa</key>
			<string>PBXFileReference</string>
			<key>lastKnownFileType</key>
			<string>sourcecode.c.h</string>
			<key>path</key>
			<string>IKCell.h</string>
			<key>sourceTree</key>
			<string>&lt;group&gt;</string>
		</dict>
		<key>52781D7717CD6C85001A32F7</key>
		<dict>
			<key>fileEncoding</key>
			<string>4</string>
			<key>isa</key>
			<string>PBXFileReference</string>
			<key>lastKnownFileType</key>
			<string>sourcecode.c.objc</string>
			<key>path</key>
			<string>IKCell.m</string>
			<key>sourceTree</key>
			<string>&lt;group&gt;</string>
		</dict>
		<key>52781D7817CD6C85001A32F7</key>
		<dict>
			<key>fileEncoding</key>
			<string>4</string>
			<key>isa</key>
			<string>PBXFileReference</string>
			<key>lastKnownFileType</key>
			<string>sourcecode.c.h</string>
			<key>path</key>
			<string>IKCollectionViewController.h</string>
			<key>sourceTree</key>
			<string>&lt;group&gt;</string>
		</dict>
		<key>52781D7917CD6C85001A32F7</key>
		<dict>
			<key>fileEncoding</key>
			<string>4</string>
			<key>isa</key>
			<string>PBXFileReference</string>
			<key>lastKnownFileType</key>
			<string>sourcecode.c.objc</string>
			<key>path</key>
			<string>IKCollectionViewController.m</string>
			<key>sourceTree</key>
			<string>&lt;group&gt;</string>
		</dict>
		<key>52781D7A17CD6C85001A32F7</key>
		<dict>
			<key>fileEncoding</key>
			<string>4</string>
			<key>isa</key>
			<string>PBXFileReference</string>
			<key>lastKnownFileType</key>
			<string>sourcecode.c.h</string>
			<key>path</key>
			<string>IKLoginViewController.h</string>
			<key>sourceTree</key>
			<string>&lt;group&gt;</string>
		</dict>
		<key>52781D7B17CD6C85001A32F7</key>
		<dict>
			<key>fileEncoding</key>
			<string>4</string>
			<key>isa</key>
			<string>PBXFileReference</string>
			<key>lastKnownFileType</key>
			<string>sourcecode.c.objc</string>
			<key>path</key>
			<string>IKLoginViewController.m</string>
			<key>sourceTree</key>
			<string>&lt;group&gt;</string>
		</dict>
		<key>52781D7C17CD6C85001A32F7</key>
		<dict>
			<key>fileRef</key>
			<string>52781D7217CD6C85001A32F7</string>
			<key>isa</key>
			<string>PBXBuildFile</string>
		</dict>
		<key>52781D7E17CD6C85001A32F7</key>
		<dict>
			<key>fileRef</key>
			<string>52781D7717CD6C85001A32F7</string>
			<key>isa</key>
			<string>PBXBuildFile</string>
		</dict>
		<key>52781D7F17CD6C85001A32F7</key>
		<dict>
			<key>fileRef</key>
			<string>52781D7917CD6C85001A32F7</string>
			<key>isa</key>
			<string>PBXBuildFile</string>
		</dict>
		<key>52781D8017CD6C85001A32F7</key>
		<dict>
			<key>fileRef</key>
			<string>52781D7B17CD6C85001A32F7</string>
			<key>isa</key>
			<string>PBXBuildFile</string>
		</dict>
		<key>52781D8117CD6CF9001A32F7</key>
		<dict>
			<key>fileEncoding</key>
			<string>4</string>
			<key>isa</key>
			<string>PBXFileReference</string>
			<key>lastKnownFileType</key>
			<string>sourcecode.c.c</string>
			<key>path</key>
			<string>fishhook.c</string>
			<key>sourceTree</key>
			<string>&lt;group&gt;</string>
		</dict>
		<key>52781D8217CD6CF9001A32F7</key>
		<dict>
			<key>fileEncoding</key>
			<string>4</string>
			<key>isa</key>
			<string>PBXFileReference</string>
			<key>lastKnownFileType</key>
			<string>sourcecode.c.h</string>
			<key>path</key>
			<string>fishhook.h</string>
			<key>sourceTree</key>
			<string>&lt;group&gt;</string>
		</dict>
		<key>52781D8317CD6CF9001A32F7</key>
		<dict>
			<key>fileEncoding</key>
			<string>4</string>
			<key>isa</key>
			<string>PBXFileReference</string>
			<key>lastKnownFileType</key>
			<string>sourcecode.c.c</string>
			<key>path</key>
			<string>QuietAssertMacros.c</string>
			<key>sourceTree</key>
			<string>&lt;group&gt;</string>
		</dict>
		<key>52781D8417CD6CF9001A32F7</key>
		<dict>
			<key>fileRef</key>
			<string>52781D8117CD6CF9001A32F7</string>
			<key>isa</key>
			<string>PBXBuildFile</string>
		</dict>
		<key>52781D8517CD6CF9001A32F7</key>
		<dict>
			<key>fileRef</key>
			<string>52781D8317CD6CF9001A32F7</string>
			<key>isa</key>
			<string>PBXBuildFile</string>
		</dict>
		<key>52781D8617CD6E56001A32F7</key>
		<dict>
			<key>children</key>
			<array>
				<string>52781D8717CD6E56001A32F7</string>
				<string>52781D8817CD6E56001A32F7</string>
				<string>52781D8917CD6E56001A32F7</string>
				<string>52781D8A17CD6E56001A32F7</string>
				<string>52781D8B17CD6E56001A32F7</string>
				<string>52781D8C17CD6E56001A32F7</string>
				<string>52781D8D17CD6E56001A32F7</string>
				<string>52781D8E17CD6E56001A32F7</string>
				<string>52781D8F17CD6E56001A32F7</string>
				<string>52781D9017CD6E56001A32F7</string>
				<string>52781D9117CD6E56001A32F7</string>
				<string>52781D9217CD6E56001A32F7</string>
				<string>52781D9317CD6E56001A32F7</string>
				<string>52781D9417CD6E56001A32F7</string>
				<string>52781D9517CD6E56001A32F7</string>
				<string>52781D9617CD6E56001A32F7</string>
				<string>52781D9717CD6E56001A32F7</string>
				<string>52781D9817CD6E56001A32F7</string>
				<string>52781D9917CD6E56001A32F7</string>
			</array>
			<key>isa</key>
			<string>PBXGroup</string>
			<key>path</key>
			<string>AFNetworking</string>
			<key>sourceTree</key>
			<string>&lt;group&gt;</string>
		</dict>
		<key>52781D8717CD6E56001A32F7</key>
		<dict>
			<key>fileEncoding</key>
			<string>4</string>
			<key>isa</key>
			<string>PBXFileReference</string>
			<key>lastKnownFileType</key>
			<string>sourcecode.c.h</string>
			<key>path</key>
			<string>AFHTTPClient.h</string>
			<key>sourceTree</key>
			<string>&lt;group&gt;</string>
		</dict>
		<key>52781D8817CD6E56001A32F7</key>
		<dict>
			<key>fileEncoding</key>
			<string>4</string>
			<key>isa</key>
			<string>PBXFileReference</string>
			<key>lastKnownFileType</key>
			<string>sourcecode.c.objc</string>
			<key>path</key>
			<string>AFHTTPClient.m</string>
			<key>sourceTree</key>
			<string>&lt;group&gt;</string>
		</dict>
		<key>52781D8917CD6E56001A32F7</key>
		<dict>
			<key>fileEncoding</key>
			<string>4</string>
			<key>isa</key>
			<string>PBXFileReference</string>
			<key>lastKnownFileType</key>
			<string>sourcecode.c.h</string>
			<key>path</key>
			<string>AFHTTPRequestOperation.h</string>
			<key>sourceTree</key>
			<string>&lt;group&gt;</string>
		</dict>
		<key>52781D8A17CD6E56001A32F7</key>
		<dict>
			<key>fileEncoding</key>
			<string>4</string>
			<key>isa</key>
			<string>PBXFileReference</string>
			<key>lastKnownFileType</key>
			<string>sourcecode.c.objc</string>
			<key>path</key>
			<string>AFHTTPRequestOperation.m</string>
			<key>sourceTree</key>
			<string>&lt;group&gt;</string>
		</dict>
		<key>52781D8B17CD6E56001A32F7</key>
		<dict>
			<key>fileEncoding</key>
			<string>4</string>
			<key>isa</key>
			<string>PBXFileReference</string>
			<key>lastKnownFileType</key>
			<string>sourcecode.c.h</string>
			<key>path</key>
			<string>AFImageRequestOperation.h</string>
			<key>sourceTree</key>
			<string>&lt;group&gt;</string>
		</dict>
		<key>52781D8C17CD6E56001A32F7</key>
		<dict>
			<key>fileEncoding</key>
			<string>4</string>
			<key>isa</key>
			<string>PBXFileReference</string>
			<key>lastKnownFileType</key>
			<string>sourcecode.c.objc</string>
			<key>path</key>
			<string>AFImageRequestOperation.m</string>
			<key>sourceTree</key>
			<string>&lt;group&gt;</string>
		</dict>
		<key>52781D8D17CD6E56001A32F7</key>
		<dict>
			<key>fileEncoding</key>
			<string>4</string>
			<key>isa</key>
			<string>PBXFileReference</string>
			<key>lastKnownFileType</key>
			<string>sourcecode.c.h</string>
			<key>path</key>
			<string>AFJSONRequestOperation.h</string>
			<key>sourceTree</key>
			<string>&lt;group&gt;</string>
		</dict>
		<key>52781D8E17CD6E56001A32F7</key>
		<dict>
			<key>fileEncoding</key>
			<string>4</string>
			<key>isa</key>
			<string>PBXFileReference</string>
			<key>lastKnownFileType</key>
			<string>sourcecode.c.objc</string>
			<key>path</key>
			<string>AFJSONRequestOperation.m</string>
			<key>sourceTree</key>
			<string>&lt;group&gt;</string>
		</dict>
		<key>52781D8F17CD6E56001A32F7</key>
		<dict>
			<key>fileEncoding</key>
			<string>4</string>
			<key>isa</key>
			<string>PBXFileReference</string>
			<key>lastKnownFileType</key>
			<string>sourcecode.c.h</string>
			<key>path</key>
			<string>AFNetworkActivityIndicatorManager.h</string>
			<key>sourceTree</key>
			<string>&lt;group&gt;</string>
		</dict>
		<key>52781D9017CD6E56001A32F7</key>
		<dict>
			<key>fileEncoding</key>
			<string>4</string>
			<key>isa</key>
			<string>PBXFileReference</string>
			<key>lastKnownFileType</key>
			<string>sourcecode.c.objc</string>
			<key>path</key>
			<string>AFNetworkActivityIndicatorManager.m</string>
			<key>sourceTree</key>
			<string>&lt;group&gt;</string>
		</dict>
		<key>52781D9117CD6E56001A32F7</key>
		<dict>
			<key>fileEncoding</key>
			<string>4</string>
			<key>isa</key>
			<string>PBXFileReference</string>
			<key>lastKnownFileType</key>
			<string>sourcecode.c.h</string>
			<key>path</key>
			<string>AFNetworking.h</string>
			<key>sourceTree</key>
			<string>&lt;group&gt;</string>
		</dict>
		<key>52781D9217CD6E56001A32F7</key>
		<dict>
			<key>fileEncoding</key>
			<string>4</string>
			<key>isa</key>
			<string>PBXFileReference</string>
			<key>lastKnownFileType</key>
			<string>sourcecode.c.h</string>
			<key>path</key>
			<string>AFPropertyListRequestOperation.h</string>
			<key>sourceTree</key>
			<string>&lt;group&gt;</string>
		</dict>
		<key>52781D9317CD6E56001A32F7</key>
		<dict>
			<key>fileEncoding</key>
			<string>4</string>
			<key>isa</key>
			<string>PBXFileReference</string>
			<key>lastKnownFileType</key>
			<string>sourcecode.c.objc</string>
			<key>path</key>
			<string>AFPropertyListRequestOperation.m</string>
			<key>sourceTree</key>
			<string>&lt;group&gt;</string>
		</dict>
		<key>52781D9417CD6E56001A32F7</key>
		<dict>
			<key>fileEncoding</key>
			<string>4</string>
			<key>isa</key>
			<string>PBXFileReference</string>
			<key>lastKnownFileType</key>
			<string>sourcecode.c.h</string>
			<key>path</key>
			<string>AFURLConnectionOperation.h</string>
			<key>sourceTree</key>
			<string>&lt;group&gt;</string>
		</dict>
		<key>52781D9517CD6E56001A32F7</key>
		<dict>
			<key>fileEncoding</key>
			<string>4</string>
			<key>isa</key>
			<string>PBXFileReference</string>
			<key>lastKnownFileType</key>
			<string>sourcecode.c.objc</string>
			<key>path</key>
			<string>AFURLConnectionOperation.m</string>
			<key>sourceTree</key>
			<string>&lt;group&gt;</string>
		</dict>
		<key>52781D9617CD6E56001A32F7</key>
		<dict>
			<key>fileEncoding</key>
			<string>4</string>
			<key>isa</key>
			<string>PBXFileReference</string>
			<key>lastKnownFileType</key>
			<string>sourcecode.c.h</string>
			<key>path</key>
			<string>AFXMLRequestOperation.h</string>
			<key>sourceTree</key>
			<string>&lt;group&gt;</string>
		</dict>
		<key>52781D9717CD6E56001A32F7</key>
		<dict>
			<key>fileEncoding</key>
			<string>4</string>
			<key>isa</key>
			<string>PBXFileReference</string>
			<key>lastKnownFileType</key>
			<string>sourcecode.c.objc</string>
			<key>path</key>
			<string>AFXMLRequestOperation.m</string>
			<key>sourceTree</key>
			<string>&lt;group&gt;</string>
		</dict>
		<key>52781D9817CD6E56001A32F7</key>
		<dict>
			<key>fileEncoding</key>
			<string>4</string>
			<key>isa</key>
			<string>PBXFileReference</string>
			<key>lastKnownFileType</key>
			<string>sourcecode.c.h</string>
			<key>path</key>
			<string>UIImageView+AFNetworking.h</string>
			<key>sourceTree</key>
			<string>&lt;group&gt;</string>
		</dict>
		<key>52781D9917CD6E56001A32F7</key>
		<dict>
			<key>fileEncoding</key>
			<string>4</string>
			<key>isa</key>
			<string>PBXFileReference</string>
			<key>lastKnownFileType</key>
			<string>sourcecode.c.objc</string>
			<key>path</key>
			<string>UIImageView+AFNetworking.m</string>
			<key>sourceTree</key>
			<string>&lt;group&gt;</string>
		</dict>
		<key>52781D9A17CD6E56001A32F7</key>
		<dict>
			<key>fileRef</key>
			<string>52781D8817CD6E56001A32F7</string>
			<key>isa</key>
			<string>PBXBuildFile</string>
		</dict>
		<key>52781D9B17CD6E56001A32F7</key>
		<dict>
			<key>fileRef</key>
			<string>52781D8A17CD6E56001A32F7</string>
			<key>isa</key>
			<string>PBXBuildFile</string>
		</dict>
		<key>52781D9C17CD6E56001A32F7</key>
		<dict>
			<key>fileRef</key>
			<string>52781D8C17CD6E56001A32F7</string>
			<key>isa</key>
			<string>PBXBuildFile</string>
		</dict>
		<key>52781D9D17CD6E56001A32F7</key>
		<dict>
			<key>fileRef</key>
			<string>52781D8E17CD6E56001A32F7</string>
			<key>isa</key>
			<string>PBXBuildFile</string>
		</dict>
		<key>52781D9E17CD6E56001A32F7</key>
		<dict>
			<key>fileRef</key>
			<string>52781D9017CD6E56001A32F7</string>
			<key>isa</key>
			<string>PBXBuildFile</string>
		</dict>
		<key>52781D9F17CD6E56001A32F7</key>
		<dict>
			<key>fileRef</key>
			<string>52781D9317CD6E56001A32F7</string>
			<key>isa</key>
			<string>PBXBuildFile</string>
		</dict>
		<key>52781DA017CD6E56001A32F7</key>
		<dict>
			<key>fileRef</key>
			<string>52781D9517CD6E56001A32F7</string>
			<key>isa</key>
			<string>PBXBuildFile</string>
		</dict>
		<key>52781DA117CD6E56001A32F7</key>
		<dict>
			<key>fileRef</key>
			<string>52781D9717CD6E56001A32F7</string>
			<key>isa</key>
			<string>PBXBuildFile</string>
		</dict>
		<key>52781DA217CD6E56001A32F7</key>
		<dict>
			<key>fileRef</key>
			<string>52781D9917CD6E56001A32F7</string>
			<key>isa</key>
			<string>PBXBuildFile</string>
		</dict>
		<key>52781DA317CD6E64001A32F7</key>
		<dict>
			<key>children</key>
			<array>
				<string>52781DA717CD6E64001A32F7</string>
				<string>52781DA417CD6E64001A32F7</string>
				<string>52781DA817CD6E64001A32F7</string>
			</array>
			<key>isa</key>
			<string>PBXGroup</string>
			<key>name</key>
			<string>InstagramKit</string>
			<key>path</key>
			<string>../InstagramKit</string>
			<key>sourceTree</key>
			<string>&lt;group&gt;</string>
		</dict>
		<key>52781DA417CD6E64001A32F7</key>
		<dict>
			<key>children</key>
			<array>
				<string>52781DA517CD6E64001A32F7</string>
				<string>52781DA617CD6E64001A32F7</string>
			</array>
			<key>isa</key>
			<string>PBXGroup</string>
			<key>path</key>
			<string>Engine</string>
			<key>sourceTree</key>
			<string>&lt;group&gt;</string>
		</dict>
		<key>52781DA517CD6E64001A32F7</key>
		<dict>
			<key>fileEncoding</key>
			<string>4</string>
			<key>isa</key>
			<string>PBXFileReference</string>
			<key>lastKnownFileType</key>
			<string>sourcecode.c.h</string>
			<key>path</key>
			<string>InstagramEngine.h</string>
			<key>sourceTree</key>
			<string>&lt;group&gt;</string>
		</dict>
		<key>52781DA617CD6E64001A32F7</key>
		<dict>
			<key>fileEncoding</key>
			<string>4</string>
			<key>isa</key>
			<string>PBXFileReference</string>
			<key>lastKnownFileType</key>
			<string>sourcecode.c.objc</string>
			<key>path</key>
			<string>InstagramEngine.m</string>
			<key>sourceTree</key>
			<string>&lt;group&gt;</string>
		</dict>
		<key>52781DA717CD6E64001A32F7</key>
		<dict>
			<key>fileEncoding</key>
			<string>4</string>
			<key>isa</key>
			<string>PBXFileReference</string>
			<key>lastKnownFileType</key>
			<string>sourcecode.c.h</string>
			<key>path</key>
			<string>InstagramKit.h</string>
			<key>sourceTree</key>
			<string>&lt;group&gt;</string>
		</dict>
		<key>52781DA817CD6E64001A32F7</key>
		<dict>
			<key>children</key>
			<array>
				<string>52781DA917CD6E64001A32F7</string>
				<string>52781DAA17CD6E64001A32F7</string>
				<string>52781DAB17CD6E64001A32F7</string>
				<string>52781DAC17CD6E64001A32F7</string>
				<string>52781DAD17CD6E64001A32F7</string>
				<string>52781DAE17CD6E64001A32F7</string>
				<string>52781DAF17CD6E64001A32F7</string>
				<string>52781DB017CD6E64001A32F7</string>
				<string>52781DB117CD6E64001A32F7</string>
				<string>52781DB217CD6E64001A32F7</string>
			</array>
			<key>isa</key>
			<string>PBXGroup</string>
			<key>path</key>
			<string>Models</string>
			<key>sourceTree</key>
			<string>&lt;group&gt;</string>
		</dict>
		<key>52781DA917CD6E64001A32F7</key>
		<dict>
			<key>fileEncoding</key>
			<string>4</string>
			<key>isa</key>
			<string>PBXFileReference</string>
			<key>lastKnownFileType</key>
			<string>sourcecode.c.h</string>
			<key>path</key>
			<string>IKUserInPhoto.h</string>
			<key>sourceTree</key>
			<string>&lt;group&gt;</string>
		</dict>
		<key>52781DAA17CD6E64001A32F7</key>
		<dict>
			<key>fileEncoding</key>
			<string>4</string>
			<key>isa</key>
			<string>PBXFileReference</string>
			<key>lastKnownFileType</key>
			<string>sourcecode.c.objc</string>
			<key>path</key>
			<string>IKUserInPhoto.m</string>
			<key>sourceTree</key>
			<string>&lt;group&gt;</string>
		</dict>
		<key>52781DAB17CD6E64001A32F7</key>
		<dict>
			<key>fileEncoding</key>
			<string>4</string>
			<key>isa</key>
			<string>PBXFileReference</string>
			<key>lastKnownFileType</key>
			<string>sourcecode.c.h</string>
			<key>path</key>
			<string>InstagramComment.h</string>
			<key>sourceTree</key>
			<string>&lt;group&gt;</string>
		</dict>
		<key>52781DAC17CD6E64001A32F7</key>
		<dict>
			<key>fileEncoding</key>
			<string>4</string>
			<key>isa</key>
			<string>PBXFileReference</string>
			<key>lastKnownFileType</key>
			<string>sourcecode.c.objc</string>
			<key>path</key>
			<string>InstagramComment.m</string>
			<key>sourceTree</key>
			<string>&lt;group&gt;</string>
		</dict>
		<key>52781DAD17CD6E64001A32F7</key>
		<dict>
			<key>fileEncoding</key>
			<string>4</string>
			<key>isa</key>
			<string>PBXFileReference</string>
			<key>lastKnownFileType</key>
			<string>sourcecode.c.h</string>
			<key>path</key>
			<string>InstagramMedia.h</string>
			<key>sourceTree</key>
			<string>&lt;group&gt;</string>
		</dict>
		<key>52781DAE17CD6E64001A32F7</key>
		<dict>
			<key>fileEncoding</key>
			<string>4</string>
			<key>isa</key>
			<string>PBXFileReference</string>
			<key>lastKnownFileType</key>
			<string>sourcecode.c.objc</string>
			<key>path</key>
			<string>InstagramMedia.m</string>
			<key>sourceTree</key>
			<string>&lt;group&gt;</string>
		</dict>
		<key>52781DAF17CD6E64001A32F7</key>
		<dict>
			<key>fileEncoding</key>
			<string>4</string>
			<key>isa</key>
			<string>PBXFileReference</string>
			<key>lastKnownFileType</key>
			<string>sourcecode.c.h</string>
			<key>path</key>
			<string>InstagramModel.h</string>
			<key>sourceTree</key>
			<string>&lt;group&gt;</string>
		</dict>
		<key>52781DB017CD6E64001A32F7</key>
		<dict>
			<key>fileEncoding</key>
			<string>4</string>
			<key>isa</key>
			<string>PBXFileReference</string>
			<key>lastKnownFileType</key>
			<string>sourcecode.c.objc</string>
			<key>path</key>
			<string>InstagramModel.m</string>
			<key>sourceTree</key>
			<string>&lt;group&gt;</string>
		</dict>
		<key>52781DB117CD6E64001A32F7</key>
		<dict>
			<key>fileEncoding</key>
			<string>4</string>
			<key>isa</key>
			<string>PBXFileReference</string>
			<key>lastKnownFileType</key>
			<string>sourcecode.c.h</string>
			<key>path</key>
			<string>InstagramUser.h</string>
			<key>sourceTree</key>
			<string>&lt;group&gt;</string>
		</dict>
		<key>52781DB217CD6E64001A32F7</key>
		<dict>
			<key>fileEncoding</key>
			<string>4</string>
			<key>isa</key>
			<string>PBXFileReference</string>
			<key>lastKnownFileType</key>
			<string>sourcecode.c.objc</string>
			<key>path</key>
			<string>InstagramUser.m</string>
			<key>sourceTree</key>
			<string>&lt;group&gt;</string>
		</dict>
		<key>52781DB317CD6E64001A32F7</key>
		<dict>
			<key>fileRef</key>
			<string>52781DA617CD6E64001A32F7</string>
			<key>isa</key>
			<string>PBXBuildFile</string>
		</dict>
		<key>52781DB417CD6E64001A32F7</key>
		<dict>
			<key>fileRef</key>
			<string>52781DAA17CD6E64001A32F7</string>
			<key>isa</key>
			<string>PBXBuildFile</string>
		</dict>
		<key>52781DB517CD6E64001A32F7</key>
		<dict>
			<key>fileRef</key>
			<string>52781DAC17CD6E64001A32F7</string>
			<key>isa</key>
			<string>PBXBuildFile</string>
		</dict>
		<key>52781DB617CD6E64001A32F7</key>
		<dict>
			<key>fileRef</key>
			<string>52781DAE17CD6E64001A32F7</string>
			<key>isa</key>
			<string>PBXBuildFile</string>
		</dict>
		<key>52781DB717CD6E64001A32F7</key>
		<dict>
			<key>fileRef</key>
			<string>52781DB017CD6E64001A32F7</string>
			<key>isa</key>
			<string>PBXBuildFile</string>
		</dict>
		<key>52781DB817CD6E64001A32F7</key>
		<dict>
			<key>fileRef</key>
			<string>52781DB217CD6E64001A32F7</string>
			<key>isa</key>
			<string>PBXBuildFile</string>
		</dict>
		<key>52781DB917CD6E8D001A32F7</key>
		<dict>
			<key>isa</key>
			<string>PBXFileReference</string>
			<key>lastKnownFileType</key>
			<string>wrapper.framework</string>
			<key>name</key>
			<string>SystemConfiguration.framework</string>
			<key>path</key>
			<string>System/Library/Frameworks/SystemConfiguration.framework</string>
			<key>sourceTree</key>
			<string>SDKROOT</string>
		</dict>
		<key>52781DBA17CD6E8D001A32F7</key>
		<dict>
			<key>fileRef</key>
			<string>52781DB917CD6E8D001A32F7</string>
			<key>isa</key>
			<string>PBXBuildFile</string>
		</dict>
		<key>52781DBB17CD6E9B001A32F7</key>
		<dict>
			<key>isa</key>
			<string>PBXFileReference</string>
			<key>lastKnownFileType</key>
			<string>wrapper.framework</string>
			<key>name</key>
			<string>MobileCoreServices.framework</string>
			<key>path</key>
			<string>System/Library/Frameworks/MobileCoreServices.framework</string>
			<key>sourceTree</key>
			<string>SDKROOT</string>
		</dict>
		<key>52781DBC17CD6E9B001A32F7</key>
		<dict>
			<key>fileRef</key>
			<string>52781DBB17CD6E9B001A32F7</string>
			<key>isa</key>
			<string>PBXBuildFile</string>
		</dict>
		<key>78303E5978024B31B009D9D1</key>
		<dict>
			<key>includeInIndex</key>
			<string>1</string>
			<key>isa</key>
			<string>PBXFileReference</string>
			<key>lastKnownFileType</key>
			<string>text.xcconfig</string>
			<key>name</key>
			<string>Pods.xcconfig</string>
			<key>path</key>
			<string>Pods/Pods.xcconfig</string>
			<key>sourceTree</key>
			<string>&lt;group&gt;</string>
		</dict>
		<key>A181D67C98294C16A045A0B9</key>
		<dict>
			<key>buildActionMask</key>
			<string>2147483647</string>
			<key>files</key>
			<array/>
			<key>inputPaths</key>
			<array/>
			<key>isa</key>
			<string>PBXShellScriptBuildPhase</string>
			<key>name</key>
			<string>Check Pods Manifest.lock</string>
			<key>outputPaths</key>
			<array/>
			<key>runOnlyForDeploymentPostprocessing</key>
			<string>0</string>
			<key>shellPath</key>
			<string>/bin/sh</string>
			<key>shellScript</key>
			<string>diff "${PODS_ROOT}/../Podfile.lock" "${PODS_ROOT}/Manifest.lock" &gt; /dev/null
if [[ $? != 0 ]] ; then
    cat &lt;&lt; EOM
error: The sandbox is not in sync with the Podfile.lock. Run 'pod install' or update your CocoaPods installation.
EOM
    exit 1
fi
</string>
			<key>showEnvVarsInLog</key>
			<string>0</string>
		</dict>
		<key>A4836183621A40E6A3882484</key>
		<dict>
			<key>explicitFileType</key>
			<string>archive.ar</string>
			<key>includeInIndex</key>
			<string>0</string>
			<key>isa</key>
			<string>PBXFileReference</string>
			<key>path</key>
			<string>libPods.a</string>
			<key>sourceTree</key>
			<string>BUILT_PRODUCTS_DIR</string>
		</dict>
	</dict>
	<key>rootObject</key>
	<string>52781D3017CD6BB9001A32F7</string>
</dict>
</plist>
