// !$*UTF8*$!
{
	archiveVersion = 1;
	classes = {
	};
	objectVersion = 46;
	objects = {

/* Begin PBXBuildFile section */
		52781D3C17CD6BB9001A32F7 /* Foundation.framework in Frameworks */ = {isa = PBXBuildFile; fileRef = 52781D3B17CD6BB9001A32F7 /* Foundation.framework */; };
		52781D3E17CD6BB9001A32F7 /* CoreGraphics.framework in Frameworks */ = {isa = PBXBuildFile; fileRef = 52781D3D17CD6BB9001A32F7 /* CoreGraphics.framework */; };
		52781D4017CD6BB9001A32F7 /* UIKit.framework in Frameworks */ = {isa = PBXBuildFile; fileRef = 52781D3F17CD6BB9001A32F7 /* UIKit.framework */; };
		52781D4617CD6BB9001A32F7 /* InfoPlist.strings in Resources */ = {isa = PBXBuildFile; fileRef = 52781D4417CD6BB9001A32F7 /* InfoPlist.strings */; };
		52781D4817CD6BB9001A32F7 /* main.m in Sources */ = {isa = PBXBuildFile; fileRef = 52781D4717CD6BB9001A32F7 /* main.m */; };
		52781D4F17CD6BB9001A32F7 /* Main.storyboard in Resources */ = {isa = PBXBuildFile; fileRef = 52781D4D17CD6BB9001A32F7 /* Main.storyboard */; };
		52781D5417CD6BB9001A32F7 /* Images.xcassets in Resources */ = {isa = PBXBuildFile; fileRef = 52781D5317CD6BB9001A32F7 /* Images.xcassets */; };
		52781D5B17CD6BB9001A32F7 /* XCTest.framework in Frameworks */ = {isa = PBXBuildFile; fileRef = 52781D5A17CD6BB9001A32F7 /* XCTest.framework */; };
		52781D5C17CD6BB9001A32F7 /* Foundation.framework in Frameworks */ = {isa = PBXBuildFile; fileRef = 52781D3B17CD6BB9001A32F7 /* Foundation.framework */; };
		52781D5D17CD6BB9001A32F7 /* UIKit.framework in Frameworks */ = {isa = PBXBuildFile; fileRef = 52781D3F17CD6BB9001A32F7 /* UIKit.framework */; };
		52781D6517CD6BB9001A32F7 /* InfoPlist.strings in Resources */ = {isa = PBXBuildFile; fileRef = 52781D6317CD6BB9001A32F7 /* InfoPlist.strings */; };
		52781D6717CD6BB9001A32F7 /* InstagramKitDemoTests.m in Sources */ = {isa = PBXBuildFile; fileRef = 52781D6617CD6BB9001A32F7 /* InstagramKitDemoTests.m */; };
		52781D7C17CD6C85001A32F7 /* AppDelegate.m in Sources */ = {isa = PBXBuildFile; fileRef = 52781D7217CD6C85001A32F7 /* AppDelegate.m */; };
		52781D7E17CD6C85001A32F7 /* IKCell.m in Sources */ = {isa = PBXBuildFile; fileRef = 52781D7717CD6C85001A32F7 /* IKCell.m */; };
		52781D7F17CD6C85001A32F7 /* IKCollectionViewController.m in Sources */ = {isa = PBXBuildFile; fileRef = 52781D7917CD6C85001A32F7 /* IKCollectionViewController.m */; };
		52781D8017CD6C85001A32F7 /* IKLoginViewController.m in Sources */ = {isa = PBXBuildFile; fileRef = 52781D7B17CD6C85001A32F7 /* IKLoginViewController.m */; };
		52781D8417CD6CF9001A32F7 /* fishhook.c in Sources */ = {isa = PBXBuildFile; fileRef = 52781D8117CD6CF9001A32F7 /* fishhook.c */; };
		52781D8517CD6CF9001A32F7 /* QuietAssertMacros.c in Sources */ = {isa = PBXBuildFile; fileRef = 52781D8317CD6CF9001A32F7 /* QuietAssertMacros.c */; };
		52781D9A17CD6E56001A32F7 /* AFHTTPClient.m in Sources */ = {isa = PBXBuildFile; fileRef = 52781D8817CD6E56001A32F7 /* AFHTTPClient.m */; };
		52781D9B17CD6E56001A32F7 /* AFHTTPRequestOperation.m in Sources */ = {isa = PBXBuildFile; fileRef = 52781D8A17CD6E56001A32F7 /* AFHTTPRequestOperation.m */; };
		52781D9C17CD6E56001A32F7 /* AFImageRequestOperation.m in Sources */ = {isa = PBXBuildFile; fileRef = 52781D8C17CD6E56001A32F7 /* AFImageRequestOperation.m */; };
		52781D9D17CD6E56001A32F7 /* AFJSONRequestOperation.m in Sources */ = {isa = PBXBuildFile; fileRef = 52781D8E17CD6E56001A32F7 /* AFJSONRequestOperation.m */; };
		52781D9E17CD6E56001A32F7 /* AFNetworkActivityIndicatorManager.m in Sources */ = {isa = PBXBuildFile; fileRef = 52781D9017CD6E56001A32F7 /* AFNetworkActivityIndicatorManager.m */; };
		52781D9F17CD6E56001A32F7 /* AFPropertyListRequestOperation.m in Sources */ = {isa = PBXBuildFile; fileRef = 52781D9317CD6E56001A32F7 /* AFPropertyListRequestOperation.m */; };
		52781DA017CD6E56001A32F7 /* AFURLConnectionOperation.m in Sources */ = {isa = PBXBuildFile; fileRef = 52781D9517CD6E56001A32F7 /* AFURLConnectionOperation.m */; };
		52781DA117CD6E56001A32F7 /* AFXMLRequestOperation.m in Sources */ = {isa = PBXBuildFile; fileRef = 52781D9717CD6E56001A32F7 /* AFXMLRequestOperation.m */; };
		52781DA217CD6E56001A32F7 /* UIImageView+AFNetworking.m in Sources */ = {isa = PBXBuildFile; fileRef = 52781D9917CD6E56001A32F7 /* UIImageView+AFNetworking.m */; };
		52781DB317CD6E64001A32F7 /* InstagramEngine.m in Sources */ = {isa = PBXBuildFile; fileRef = 52781DA617CD6E64001A32F7 /* InstagramEngine.m */; };
		52781DB417CD6E64001A32F7 /* IKUserInPhoto.m in Sources */ = {isa = PBXBuildFile; fileRef = 52781DAA17CD6E64001A32F7 /* IKUserInPhoto.m */; };
		52781DB517CD6E64001A32F7 /* InstagramComment.m in Sources */ = {isa = PBXBuildFile; fileRef = 52781DAC17CD6E64001A32F7 /* InstagramComment.m */; };
		52781DB617CD6E64001A32F7 /* InstagramMedia.m in Sources */ = {isa = PBXBuildFile; fileRef = 52781DAE17CD6E64001A32F7 /* InstagramMedia.m */; };
		52781DB717CD6E64001A32F7 /* InstagramModel.m in Sources */ = {isa = PBXBuildFile; fileRef = 52781DB017CD6E64001A32F7 /* InstagramModel.m */; };
		52781DB817CD6E64001A32F7 /* InstagramUser.m in Sources */ = {isa = PBXBuildFile; fileRef = 52781DB217CD6E64001A32F7 /* InstagramUser.m */; };
		52781DBA17CD6E8D001A32F7 /* SystemConfiguration.framework in Frameworks */ = {isa = PBXBuildFile; fileRef = 52781DB917CD6E8D001A32F7 /* SystemConfiguration.framework */; };
		52781DBC17CD6E9B001A32F7 /* MobileCoreServices.framework in Frameworks */ = {isa = PBXBuildFile; fileRef = 52781DBB17CD6E9B001A32F7 /* MobileCoreServices.framework */; };
		82AC29F3189D27C000675776 /* InstagramTag.m in Sources */ = {isa = PBXBuildFile; fileRef = 82AC29F2189D27C000675776 /* InstagramTag.m */; };
		82AC2A37189D3CDE00675776 /* IKMediaViewController.m in Sources */ = {isa = PBXBuildFile; fileRef = 82AC2A36189D3CDE00675776 /* IKMediaViewController.m */; };
		82AC2A3A189D3E9F00675776 /* IKMediaCell.m in Sources */ = {isa = PBXBuildFile; fileRef = 82AC2A39189D3E9F00675776 /* IKMediaCell.m */; };
		82B80AEF189ECAC50094AB24 /* Icon.png in Resources */ = {isa = PBXBuildFile; fileRef = 82B80AEE189ECAC50094AB24 /* Icon.png */; };
		FA8DE6ED18611F7E003B8E1E /* InstagramKit.plist in Resources */ = {isa = PBXBuildFile; fileRef = FA8DE6EC18611F7E003B8E1E /* InstagramKit.plist */; };
/* End PBXBuildFile section */

/* Begin PBXContainerItemProxy section */
		52781D5E17CD6BB9001A32F7 /* PBXContainerItemProxy */ = {
			isa = PBXContainerItemProxy;
			containerPortal = 52781D3017CD6BB9001A32F7 /* Project object */;
			proxyType = 1;
			remoteGlobalIDString = 52781D3717CD6BB9001A32F7;
			remoteInfo = InstagramKitDemo;
		};
/* End PBXContainerItemProxy section */

/* Begin PBXFileReference section */
		52781D3817CD6BB9001A32F7 /* InstagramKitDemo.app */ = {isa = PBXFileReference; explicitFileType = wrapper.application; includeInIndex = 0; path = InstagramKitDemo.app; sourceTree = BUILT_PRODUCTS_DIR; };
		52781D3B17CD6BB9001A32F7 /* Foundation.framework */ = {isa = PBXFileReference; lastKnownFileType = wrapper.framework; name = Foundation.framework; path = System/Library/Frameworks/Foundation.framework; sourceTree = SDKROOT; };
		52781D3D17CD6BB9001A32F7 /* CoreGraphics.framework */ = {isa = PBXFileReference; lastKnownFileType = wrapper.framework; name = CoreGraphics.framework; path = System/Library/Frameworks/CoreGraphics.framework; sourceTree = SDKROOT; };
		52781D3F17CD6BB9001A32F7 /* UIKit.framework */ = {isa = PBXFileReference; lastKnownFileType = wrapper.framework; name = UIKit.framework; path = System/Library/Frameworks/UIKit.framework; sourceTree = SDKROOT; };
		52781D4317CD6BB9001A32F7 /* InstagramKitDemo-Info.plist */ = {isa = PBXFileReference; lastKnownFileType = text.plist.xml; path = "InstagramKitDemo-Info.plist"; sourceTree = "<group>"; };
		52781D4517CD6BB9001A32F7 /* en */ = {isa = PBXFileReference; lastKnownFileType = text.plist.strings; name = en; path = en.lproj/InfoPlist.strings; sourceTree = "<group>"; };
		52781D4717CD6BB9001A32F7 /* main.m */ = {isa = PBXFileReference; lastKnownFileType = sourcecode.c.objc; path = main.m; sourceTree = "<group>"; };
		52781D4917CD6BB9001A32F7 /* InstagramKitDemo-Prefix.pch */ = {isa = PBXFileReference; lastKnownFileType = sourcecode.c.h; path = "InstagramKitDemo-Prefix.pch"; sourceTree = "<group>"; };
		52781D4E17CD6BB9001A32F7 /* Base */ = {isa = PBXFileReference; lastKnownFileType = file.storyboard; name = Base; path = Base.lproj/Main.storyboard; sourceTree = "<group>"; };
		52781D5317CD6BB9001A32F7 /* Images.xcassets */ = {isa = PBXFileReference; lastKnownFileType = folder.assetcatalog; path = Images.xcassets; sourceTree = "<group>"; };
		52781D5917CD6BB9001A32F7 /* InstagramKitDemoTests.xctest */ = {isa = PBXFileReference; explicitFileType = wrapper.cfbundle; includeInIndex = 0; path = InstagramKitDemoTests.xctest; sourceTree = BUILT_PRODUCTS_DIR; };
		52781D5A17CD6BB9001A32F7 /* XCTest.framework */ = {isa = PBXFileReference; lastKnownFileType = wrapper.framework; name = XCTest.framework; path = Library/Frameworks/XCTest.framework; sourceTree = DEVELOPER_DIR; };
		52781D6217CD6BB9001A32F7 /* InstagramKitDemoTests-Info.plist */ = {isa = PBXFileReference; lastKnownFileType = text.plist.xml; path = "InstagramKitDemoTests-Info.plist"; sourceTree = "<group>"; };
		52781D6417CD6BB9001A32F7 /* en */ = {isa = PBXFileReference; lastKnownFileType = text.plist.strings; name = en; path = en.lproj/InfoPlist.strings; sourceTree = "<group>"; };
		52781D6617CD6BB9001A32F7 /* InstagramKitDemoTests.m */ = {isa = PBXFileReference; lastKnownFileType = sourcecode.c.objc; path = InstagramKitDemoTests.m; sourceTree = "<group>"; };
		52781D7117CD6C85001A32F7 /* AppDelegate.h */ = {isa = PBXFileReference; fileEncoding = 4; lastKnownFileType = sourcecode.c.h; path = AppDelegate.h; sourceTree = "<group>"; };
		52781D7217CD6C85001A32F7 /* AppDelegate.m */ = {isa = PBXFileReference; fileEncoding = 4; lastKnownFileType = sourcecode.c.objc; path = AppDelegate.m; sourceTree = "<group>"; };
		52781D7617CD6C85001A32F7 /* IKCell.h */ = {isa = PBXFileReference; fileEncoding = 4; lastKnownFileType = sourcecode.c.h; path = IKCell.h; sourceTree = "<group>"; };
		52781D7717CD6C85001A32F7 /* IKCell.m */ = {isa = PBXFileReference; fileEncoding = 4; lastKnownFileType = sourcecode.c.objc; path = IKCell.m; sourceTree = "<group>"; };
		52781D7817CD6C85001A32F7 /* IKCollectionViewController.h */ = {isa = PBXFileReference; fileEncoding = 4; lastKnownFileType = sourcecode.c.h; path = IKCollectionViewController.h; sourceTree = "<group>"; };
		52781D7917CD6C85001A32F7 /* IKCollectionViewController.m */ = {isa = PBXFileReference; fileEncoding = 4; lastKnownFileType = sourcecode.c.objc; path = IKCollectionViewController.m; sourceTree = "<group>"; };
		52781D7A17CD6C85001A32F7 /* IKLoginViewController.h */ = {isa = PBXFileReference; fileEncoding = 4; lastKnownFileType = sourcecode.c.h; path = IKLoginViewController.h; sourceTree = "<group>"; };
		52781D7B17CD6C85001A32F7 /* IKLoginViewController.m */ = {isa = PBXFileReference; fileEncoding = 4; lastKnownFileType = sourcecode.c.objc; path = IKLoginViewController.m; sourceTree = "<group>"; };
		52781D8117CD6CF9001A32F7 /* fishhook.c */ = {isa = PBXFileReference; fileEncoding = 4; lastKnownFileType = sourcecode.c.c; path = fishhook.c; sourceTree = "<group>"; };
		52781D8217CD6CF9001A32F7 /* fishhook.h */ = {isa = PBXFileReference; fileEncoding = 4; lastKnownFileType = sourcecode.c.h; path = fishhook.h; sourceTree = "<group>"; };
		52781D8317CD6CF9001A32F7 /* QuietAssertMacros.c */ = {isa = PBXFileReference; fileEncoding = 4; lastKnownFileType = sourcecode.c.c; path = QuietAssertMacros.c; sourceTree = "<group>"; };
		52781D8717CD6E56001A32F7 /* AFHTTPClient.h */ = {isa = PBXFileReference; fileEncoding = 4; lastKnownFileType = sourcecode.c.h; path = AFHTTPClient.h; sourceTree = "<group>"; };
		52781D8817CD6E56001A32F7 /* AFHTTPClient.m */ = {isa = PBXFileReference; fileEncoding = 4; lastKnownFileType = sourcecode.c.objc; path = AFHTTPClient.m; sourceTree = "<group>"; };
		52781D8917CD6E56001A32F7 /* AFHTTPRequestOperation.h */ = {isa = PBXFileReference; fileEncoding = 4; lastKnownFileType = sourcecode.c.h; path = AFHTTPRequestOperation.h; sourceTree = "<group>"; };
		52781D8A17CD6E56001A32F7 /* AFHTTPRequestOperation.m */ = {isa = PBXFileReference; fileEncoding = 4; lastKnownFileType = sourcecode.c.objc; path = AFHTTPRequestOperation.m; sourceTree = "<group>"; };
		52781D8B17CD6E56001A32F7 /* AFImageRequestOperation.h */ = {isa = PBXFileReference; fileEncoding = 4; lastKnownFileType = sourcecode.c.h; path = AFImageRequestOperation.h; sourceTree = "<group>"; };
		52781D8C17CD6E56001A32F7 /* AFImageRequestOperation.m */ = {isa = PBXFileReference; fileEncoding = 4; lastKnownFileType = sourcecode.c.objc; path = AFImageRequestOperation.m; sourceTree = "<group>"; };
		52781D8D17CD6E56001A32F7 /* AFJSONRequestOperation.h */ = {isa = PBXFileReference; fileEncoding = 4; lastKnownFileType = sourcecode.c.h; path = AFJSONRequestOperation.h; sourceTree = "<group>"; };
		52781D8E17CD6E56001A32F7 /* AFJSONRequestOperation.m */ = {isa = PBXFileReference; fileEncoding = 4; lastKnownFileType = sourcecode.c.objc; path = AFJSONRequestOperation.m; sourceTree = "<group>"; };
		52781D8F17CD6E56001A32F7 /* AFNetworkActivityIndicatorManager.h */ = {isa = PBXFileReference; fileEncoding = 4; lastKnownFileType = sourcecode.c.h; path = AFNetworkActivityIndicatorManager.h; sourceTree = "<group>"; };
		52781D9017CD6E56001A32F7 /* AFNetworkActivityIndicatorManager.m */ = {isa = PBXFileReference; fileEncoding = 4; lastKnownFileType = sourcecode.c.objc; path = AFNetworkActivityIndicatorManager.m; sourceTree = "<group>"; };
		52781D9117CD6E56001A32F7 /* AFNetworking.h */ = {isa = PBXFileReference; fileEncoding = 4; lastKnownFileType = sourcecode.c.h; path = AFNetworking.h; sourceTree = "<group>"; };
		52781D9217CD6E56001A32F7 /* AFPropertyListRequestOperation.h */ = {isa = PBXFileReference; fileEncoding = 4; lastKnownFileType = sourcecode.c.h; path = AFPropertyListRequestOperation.h; sourceTree = "<group>"; };
		52781D9317CD6E56001A32F7 /* AFPropertyListRequestOperation.m */ = {isa = PBXFileReference; fileEncoding = 4; lastKnownFileType = sourcecode.c.objc; path = AFPropertyListRequestOperation.m; sourceTree = "<group>"; };
		52781D9417CD6E56001A32F7 /* AFURLConnectionOperation.h */ = {isa = PBXFileReference; fileEncoding = 4; lastKnownFileType = sourcecode.c.h; path = AFURLConnectionOperation.h; sourceTree = "<group>"; };
		52781D9517CD6E56001A32F7 /* AFURLConnectionOperation.m */ = {isa = PBXFileReference; fileEncoding = 4; lastKnownFileType = sourcecode.c.objc; path = AFURLConnectionOperation.m; sourceTree = "<group>"; };
		52781D9617CD6E56001A32F7 /* AFXMLRequestOperation.h */ = {isa = PBXFileReference; fileEncoding = 4; lastKnownFileType = sourcecode.c.h; path = AFXMLRequestOperation.h; sourceTree = "<group>"; };
		52781D9717CD6E56001A32F7 /* AFXMLRequestOperation.m */ = {isa = PBXFileReference; fileEncoding = 4; lastKnownFileType = sourcecode.c.objc; path = AFXMLRequestOperation.m; sourceTree = "<group>"; };
		52781D9817CD6E56001A32F7 /* UIImageView+AFNetworking.h */ = {isa = PBXFileReference; fileEncoding = 4; lastKnownFileType = sourcecode.c.h; path = "UIImageView+AFNetworking.h"; sourceTree = "<group>"; };
		52781D9917CD6E56001A32F7 /* UIImageView+AFNetworking.m */ = {isa = PBXFileReference; fileEncoding = 4; lastKnownFileType = sourcecode.c.objc; path = "UIImageView+AFNetworking.m"; sourceTree = "<group>"; };
		52781DA517CD6E64001A32F7 /* InstagramEngine.h */ = {isa = PBXFileReference; fileEncoding = 4; lastKnownFileType = sourcecode.c.h; path = InstagramEngine.h; sourceTree = "<group>"; };
		52781DA617CD6E64001A32F7 /* InstagramEngine.m */ = {isa = PBXFileReference; fileEncoding = 4; lastKnownFileType = sourcecode.c.objc; path = InstagramEngine.m; sourceTree = "<group>"; };
		52781DA717CD6E64001A32F7 /* InstagramKit.h */ = {isa = PBXFileReference; fileEncoding = 4; lastKnownFileType = sourcecode.c.h; path = InstagramKit.h; sourceTree = "<group>"; };
		52781DA917CD6E64001A32F7 /* IKUserInPhoto.h */ = {isa = PBXFileReference; fileEncoding = 4; lastKnownFileType = sourcecode.c.h; path = IKUserInPhoto.h; sourceTree = "<group>"; };
		52781DAA17CD6E64001A32F7 /* IKUserInPhoto.m */ = {isa = PBXFileReference; fileEncoding = 4; lastKnownFileType = sourcecode.c.objc; path = IKUserInPhoto.m; sourceTree = "<group>"; };
		52781DAB17CD6E64001A32F7 /* InstagramComment.h */ = {isa = PBXFileReference; fileEncoding = 4; lastKnownFileType = sourcecode.c.h; path = InstagramComment.h; sourceTree = "<group>"; };
		52781DAC17CD6E64001A32F7 /* InstagramComment.m */ = {isa = PBXFileReference; fileEncoding = 4; lastKnownFileType = sourcecode.c.objc; path = InstagramComment.m; sourceTree = "<group>"; };
		52781DAD17CD6E64001A32F7 /* InstagramMedia.h */ = {isa = PBXFileReference; fileEncoding = 4; lastKnownFileType = sourcecode.c.h; path = InstagramMedia.h; sourceTree = "<group>"; };
		52781DAE17CD6E64001A32F7 /* InstagramMedia.m */ = {isa = PBXFileReference; fileEncoding = 4; lastKnownFileType = sourcecode.c.objc; path = InstagramMedia.m; sourceTree = "<group>"; };
		52781DAF17CD6E64001A32F7 /* InstagramModel.h */ = {isa = PBXFileReference; fileEncoding = 4; lastKnownFileType = sourcecode.c.h; path = InstagramModel.h; sourceTree = "<group>"; };
		52781DB017CD6E64001A32F7 /* InstagramModel.m */ = {isa = PBXFileReference; fileEncoding = 4; lastKnownFileType = sourcecode.c.objc; path = InstagramModel.m; sourceTree = "<group>"; };
		52781DB117CD6E64001A32F7 /* InstagramUser.h */ = {isa = PBXFileReference; fileEncoding = 4; lastKnownFileType = sourcecode.c.h; path = InstagramUser.h; sourceTree = "<group>"; };
		52781DB217CD6E64001A32F7 /* InstagramUser.m */ = {isa = PBXFileReference; fileEncoding = 4; lastKnownFileType = sourcecode.c.objc; path = InstagramUser.m; sourceTree = "<group>"; };
		52781DB917CD6E8D001A32F7 /* SystemConfiguration.framework */ = {isa = PBXFileReference; lastKnownFileType = wrapper.framework; name = SystemConfiguration.framework; path = System/Library/Frameworks/SystemConfiguration.framework; sourceTree = SDKROOT; };
		52781DBB17CD6E9B001A32F7 /* MobileCoreServices.framework */ = {isa = PBXFileReference; lastKnownFileType = wrapper.framework; name = MobileCoreServices.framework; path = System/Library/Frameworks/MobileCoreServices.framework; sourceTree = SDKROOT; };
		82AC29F1189D27C000675776 /* InstagramTag.h */ = {isa = PBXFileReference; fileEncoding = 4; lastKnownFileType = sourcecode.c.h; path = InstagramTag.h; sourceTree = "<group>"; };
		82AC29F2189D27C000675776 /* InstagramTag.m */ = {isa = PBXFileReference; fileEncoding = 4; lastKnownFileType = sourcecode.c.objc; path = InstagramTag.m; sourceTree = "<group>"; };
		82AC2A35189D3CDE00675776 /* IKMediaViewController.h */ = {isa = PBXFileReference; fileEncoding = 4; lastKnownFileType = sourcecode.c.h; path = IKMediaViewController.h; sourceTree = "<group>"; };
		82AC2A36189D3CDE00675776 /* IKMediaViewController.m */ = {isa = PBXFileReference; fileEncoding = 4; lastKnownFileType = sourcecode.c.objc; path = IKMediaViewController.m; sourceTree = "<group>"; };
		82AC2A38189D3E9F00675776 /* IKMediaCell.h */ = {isa = PBXFileReference; fileEncoding = 4; lastKnownFileType = sourcecode.c.h; path = IKMediaCell.h; sourceTree = "<group>"; };
		82AC2A39189D3E9F00675776 /* IKMediaCell.m */ = {isa = PBXFileReference; fileEncoding = 4; lastKnownFileType = sourcecode.c.objc; path = IKMediaCell.m; sourceTree = "<group>"; };
		82B80AEE189ECAC50094AB24 /* Icon.png */ = {isa = PBXFileReference; lastKnownFileType = image.png; path = Icon.png; sourceTree = "<group>"; };
		78303E5978024B31B009D9D1 /* Pods.xcconfig */ = {isa = PBXFileReference; includeInIndex = 1; lastKnownFileType = text.xcconfig; name = Pods.xcconfig; path = Pods/Pods.xcconfig; sourceTree = "<group>"; };
		A4836183621A40E6A3882484 /* libPods.a */ = {isa = PBXFileReference; explicitFileType = archive.ar; includeInIndex = 0; path = libPods.a; sourceTree = BUILT_PRODUCTS_DIR; };
		FA8DE6EC18611F7E003B8E1E /* InstagramKit.plist */ = {isa = PBXFileReference; fileEncoding = 4; lastKnownFileType = text.plist.xml; path = InstagramKit.plist; sourceTree = "<group>"; };
/* End PBXFileReference section */

/* Begin PBXFrameworksBuildPhase section */
		52781D3517CD6BB9001A32F7 /* Frameworks */ = {
			isa = PBXFrameworksBuildPhase;
			buildActionMask = 2147483647;
			files = (
				52781D4017CD6BB9001A32F7 /* UIKit.framework in Frameworks */,
				52781D3C17CD6BB9001A32F7 /* Foundation.framework in Frameworks */,
				52781D3E17CD6BB9001A32F7 /* CoreGraphics.framework in Frameworks */,
				52781DBC17CD6E9B001A32F7 /* MobileCoreServices.framework in Frameworks */,
				52781DBA17CD6E8D001A32F7 /* SystemConfiguration.framework in Frameworks */,
				173D893006EF4AAAA872360E /* libPods.a in Frameworks */,
			);
			runOnlyForDeploymentPostprocessing = 0;
		};
		52781D5617CD6BB9001A32F7 /* Frameworks */ = {
			isa = PBXFrameworksBuildPhase;
			buildActionMask = 2147483647;
			files = (
				52781D5B17CD6BB9001A32F7 /* XCTest.framework in Frameworks */,
				52781D5D17CD6BB9001A32F7 /* UIKit.framework in Frameworks */,
				52781D5C17CD6BB9001A32F7 /* Foundation.framework in Frameworks */,
			);
			runOnlyForDeploymentPostprocessing = 0;
		};
/* End PBXFrameworksBuildPhase section */

/* Begin PBXGroup section */
		52781D2F17CD6BB9001A32F7 = {
			isa = PBXGroup;
			children = (
				52781DA317CD6E64001A32F7 /* InstagramKit */,
				52781D8617CD6E56001A32F7 /* AFNetworking */,
				52781D4117CD6BB9001A32F7 /* InstagramKitDemo */,
				52781D6017CD6BB9001A32F7 /* InstagramKitDemoTests */,
				52781D3A17CD6BB9001A32F7 /* Frameworks */,
				52781D3917CD6BB9001A32F7 /* Products */,
			);
			sourceTree = "<group>";
		};
		52781D3917CD6BB9001A32F7 /* Products */ = {
			isa = PBXGroup;
			children = (
				52781D3817CD6BB9001A32F7 /* InstagramKitDemo.app */,
				52781D5917CD6BB9001A32F7 /* InstagramKitDemoTests.xctest */,
			);
			name = Products;
			sourceTree = "<group>";
		};
		52781D3A17CD6BB9001A32F7 /* Frameworks */ = {
			isa = PBXGroup;
			children = (
				52781DBB17CD6E9B001A32F7 /* MobileCoreServices.framework */,
				52781DB917CD6E8D001A32F7 /* SystemConfiguration.framework */,
				52781D3B17CD6BB9001A32F7 /* Foundation.framework */,
				52781D3D17CD6BB9001A32F7 /* CoreGraphics.framework */,
				52781D3F17CD6BB9001A32F7 /* UIKit.framework */,
				52781D5A17CD6BB9001A32F7 /* XCTest.framework */,
			);
			name = Frameworks;
			sourceTree = "<group>";
		};
		52781D4117CD6BB9001A32F7 /* InstagramKitDemo */ = {
			isa = PBXGroup;
			children = (
				52781D7017CD6C85001A32F7 /* Classes */,
				52781D4D17CD6BB9001A32F7 /* Main.storyboard */,
				52781D5317CD6BB9001A32F7 /* Images.xcassets */,
				82B80AEE189ECAC50094AB24 /* Icon.png */,
				52781D4217CD6BB9001A32F7 /* Supporting Files */,
			);
			path = InstagramKitDemo;
			sourceTree = "<group>";
		};
		52781D4217CD6BB9001A32F7 /* Supporting Files */ = {
			isa = PBXGroup;
			children = (
				52781D8117CD6CF9001A32F7 /* fishhook.c */,
				52781D8217CD6CF9001A32F7 /* fishhook.h */,
				52781D8317CD6CF9001A32F7 /* QuietAssertMacros.c */,
				52781D4317CD6BB9001A32F7 /* InstagramKitDemo-Info.plist */,
				52781D4417CD6BB9001A32F7 /* InfoPlist.strings */,
				52781D4717CD6BB9001A32F7 /* main.m */,
				52781D4917CD6BB9001A32F7 /* InstagramKitDemo-Prefix.pch */,
				FA8DE6EC18611F7E003B8E1E /* InstagramKit.plist */,
			);
			name = "Supporting Files";
			sourceTree = "<group>";
		};
		52781D6017CD6BB9001A32F7 /* InstagramKitDemoTests */ = {
			isa = PBXGroup;
			children = (
				52781D6617CD6BB9001A32F7 /* InstagramKitDemoTests.m */,
				52781D6117CD6BB9001A32F7 /* Supporting Files */,
			);
			path = InstagramKitDemoTests;
			sourceTree = "<group>";
		};
		52781D6117CD6BB9001A32F7 /* Supporting Files */ = {
			isa = PBXGroup;
			children = (
				52781D6217CD6BB9001A32F7 /* InstagramKitDemoTests-Info.plist */,
				52781D6317CD6BB9001A32F7 /* InfoPlist.strings */,
			);
			name = "Supporting Files";
			sourceTree = "<group>";
		};
		52781D7017CD6C85001A32F7 /* Classes */ = {
			isa = PBXGroup;
			children = (
				52781D7117CD6C85001A32F7 /* AppDelegate.h */,
				52781D7217CD6C85001A32F7 /* AppDelegate.m */,
				52781D7417CD6C85001A32F7 /* View */,
			);
			path = Classes;
			sourceTree = "<group>";
		};
		52781D7417CD6C85001A32F7 /* View */ = {
			isa = PBXGroup;
			children = (
				52781D7517CD6C85001A32F7 /* CollectionView Cells */,
				52781D7817CD6C85001A32F7 /* IKCollectionViewController.h */,
				52781D7917CD6C85001A32F7 /* IKCollectionViewController.m */,
				82AC2A35189D3CDE00675776 /* IKMediaViewController.h */,
				82AC2A36189D3CDE00675776 /* IKMediaViewController.m */,
				52781D7A17CD6C85001A32F7 /* IKLoginViewController.h */,
				52781D7B17CD6C85001A32F7 /* IKLoginViewController.m */,
			);
			path = View;
			sourceTree = "<group>";
		};
		52781D7517CD6C85001A32F7 /* CollectionView Cells */ = {
			isa = PBXGroup;
			children = (
				52781D7617CD6C85001A32F7 /* IKCell.h */,
				52781D7717CD6C85001A32F7 /* IKCell.m */,
				82AC2A38189D3E9F00675776 /* IKMediaCell.h */,
				82AC2A39189D3E9F00675776 /* IKMediaCell.m */,
			);
			path = "CollectionView Cells";
			sourceTree = "<group>";
		};
		52781D8617CD6E56001A32F7 /* AFNetworking */ = {
			isa = PBXGroup;
			children = (
				52781D8717CD6E56001A32F7 /* AFHTTPClient.h */,
				52781D8817CD6E56001A32F7 /* AFHTTPClient.m */,
				52781D8917CD6E56001A32F7 /* AFHTTPRequestOperation.h */,
				52781D8A17CD6E56001A32F7 /* AFHTTPRequestOperation.m */,
				52781D8B17CD6E56001A32F7 /* AFImageRequestOperation.h */,
				52781D8C17CD6E56001A32F7 /* AFImageRequestOperation.m */,
				52781D8D17CD6E56001A32F7 /* AFJSONRequestOperation.h */,
				52781D8E17CD6E56001A32F7 /* AFJSONRequestOperation.m */,
				52781D8F17CD6E56001A32F7 /* AFNetworkActivityIndicatorManager.h */,
				52781D9017CD6E56001A32F7 /* AFNetworkActivityIndicatorManager.m */,
				52781D9117CD6E56001A32F7 /* AFNetworking.h */,
				52781D9217CD6E56001A32F7 /* AFPropertyListRequestOperation.h */,
				52781D9317CD6E56001A32F7 /* AFPropertyListRequestOperation.m */,
				52781D9417CD6E56001A32F7 /* AFURLConnectionOperation.h */,
				52781D9517CD6E56001A32F7 /* AFURLConnectionOperation.m */,
				52781D9617CD6E56001A32F7 /* AFXMLRequestOperation.h */,
				52781D9717CD6E56001A32F7 /* AFXMLRequestOperation.m */,
				52781D9817CD6E56001A32F7 /* UIImageView+AFNetworking.h */,
				52781D9917CD6E56001A32F7 /* UIImageView+AFNetworking.m */,
			);
			path = AFNetworking;
			sourceTree = "<group>";
		};
		52781DA317CD6E64001A32F7 /* InstagramKit */ = {
			isa = PBXGroup;
			children = (
				52781DA717CD6E64001A32F7 /* InstagramKit.h */,
				52781DA417CD6E64001A32F7 /* Engine */,
				52781DA817CD6E64001A32F7 /* Models */,
			);
			name = InstagramKit;
			path = ../InstagramKit;
			sourceTree = "<group>";
		};
		52781DA417CD6E64001A32F7 /* Engine */ = {
			isa = PBXGroup;
			children = (
				52781DA517CD6E64001A32F7 /* InstagramEngine.h */,
				52781DA617CD6E64001A32F7 /* InstagramEngine.m */,
			);
			path = Engine;
			sourceTree = "<group>";
		};
		52781DA817CD6E64001A32F7 /* Models */ = {
			isa = PBXGroup;
			children = (
				52781DA917CD6E64001A32F7 /* IKUserInPhoto.h */,
				52781DAA17CD6E64001A32F7 /* IKUserInPhoto.m */,
				52781DAD17CD6E64001A32F7 /* InstagramMedia.h */,
				52781DAE17CD6E64001A32F7 /* InstagramMedia.m */,
				52781DAF17CD6E64001A32F7 /* InstagramModel.h */,
				52781DB017CD6E64001A32F7 /* InstagramModel.m */,
				52781DB117CD6E64001A32F7 /* InstagramUser.h */,
				52781DB217CD6E64001A32F7 /* InstagramUser.m */,
				52781DAB17CD6E64001A32F7 /* InstagramComment.h */,
				52781DAC17CD6E64001A32F7 /* InstagramComment.m */,
				82AC29F1189D27C000675776 /* InstagramTag.h */,
				82AC29F2189D27C000675776 /* InstagramTag.m */,
			);
			path = Models;
			sourceTree = "<group>";
		};
/* End PBXGroup section */

/* Begin PBXNativeTarget section */
		52781D3717CD6BB9001A32F7 /* InstagramKitDemo */ = {
			isa = PBXNativeTarget;
			buildConfigurationList = 52781D6A17CD6BB9001A32F7 /* Build configuration list for PBXNativeTarget "InstagramKitDemo" */;
			buildPhases = (
				52781D3417CD6BB9001A32F7 /* Sources */,
				52781D3517CD6BB9001A32F7 /* Frameworks */,
				52781D3617CD6BB9001A32F7 /* Resources */,
			);
			buildRules = (
			);
			dependencies = (
			);
			name = InstagramKitDemo;
			productName = InstagramKitDemo;
			productReference = 52781D3817CD6BB9001A32F7 /* InstagramKitDemo.app */;
			productType = "com.apple.product-type.application";
		};
		52781D5817CD6BB9001A32F7 /* InstagramKitDemoTests */ = {
			isa = PBXNativeTarget;
			buildConfigurationList = 52781D6D17CD6BB9001A32F7 /* Build configuration list for PBXNativeTarget "InstagramKitDemoTests" */;
			buildPhases = (
				52781D5517CD6BB9001A32F7 /* Sources */,
				52781D5617CD6BB9001A32F7 /* Frameworks */,
				52781D5717CD6BB9001A32F7 /* Resources */,
			);
			buildRules = (
			);
			dependencies = (
				52781D5F17CD6BB9001A32F7 /* PBXTargetDependency */,
			);
			name = InstagramKitDemoTests;
			productName = InstagramKitDemoTests;
			productReference = 52781D5917CD6BB9001A32F7 /* InstagramKitDemoTests.xctest */;
			productType = "com.apple.product-type.bundle.unit-test";
		};
/* End PBXNativeTarget section */

/* Begin PBXProject section */
		52781D3017CD6BB9001A32F7 /* Project object */ = {
			isa = PBXProject;
			attributes = {
				LastUpgradeCheck = 0500;
				ORGANIZATIONNAME = "Shyam Bhat";
				TargetAttributes = {
					52781D5817CD6BB9001A32F7 = {
						TestTargetID = 52781D3717CD6BB9001A32F7;
					};
				};
			};
			buildConfigurationList = 52781D3317CD6BB9001A32F7 /* Build configuration list for PBXProject "InstagramKitDemo" */;
			compatibilityVersion = "Xcode 3.2";
			developmentRegion = English;
			hasScannedForEncodings = 0;
			knownRegions = (
				en,
				Base,
			);
			mainGroup = 52781D2F17CD6BB9001A32F7;
			productRefGroup = 52781D3917CD6BB9001A32F7 /* Products */;
			projectDirPath = "";
			projectRoot = "";
			targets = (
				52781D3717CD6BB9001A32F7 /* InstagramKitDemo */,
				52781D5817CD6BB9001A32F7 /* InstagramKitDemoTests */,
			);
		};
/* End PBXProject section */

/* Begin PBXResourcesBuildPhase section */
		52781D3617CD6BB9001A32F7 /* Resources */ = {
			isa = PBXResourcesBuildPhase;
			buildActionMask = 2147483647;
			files = (
				52781D5417CD6BB9001A32F7 /* Images.xcassets in Resources */,
				52781D4617CD6BB9001A32F7 /* InfoPlist.strings in Resources */,
				52781D4F17CD6BB9001A32F7 /* Main.storyboard in Resources */,
				82B80AEF189ECAC50094AB24 /* Icon.png in Resources */,
				FA8DE6ED18611F7E003B8E1E /* InstagramKit.plist in Resources */,
			);
			runOnlyForDeploymentPostprocessing = 0;
		};
		52781D5717CD6BB9001A32F7 /* Resources */ = {
			isa = PBXResourcesBuildPhase;
			buildActionMask = 2147483647;
			files = (
				52781D6517CD6BB9001A32F7 /* InfoPlist.strings in Resources */,
			);
			runOnlyForDeploymentPostprocessing = 0;
		};
/* End PBXResourcesBuildPhase section */

/* Begin PBXSourcesBuildPhase section */
		52781D3417CD6BB9001A32F7 /* Sources */ = {
			isa = PBXSourcesBuildPhase;
			buildActionMask = 2147483647;
			files = (
				52781DA017CD6E56001A32F7 /* AFURLConnectionOperation.m in Sources */,
				52781DA117CD6E56001A32F7 /* AFXMLRequestOperation.m in Sources */,
				82AC29F3189D27C000675776 /* InstagramTag.m in Sources */,
				52781DB517CD6E64001A32F7 /* InstagramComment.m in Sources */,
				52781DB717CD6E64001A32F7 /* InstagramModel.m in Sources */,
				52781DB317CD6E64001A32F7 /* InstagramEngine.m in Sources */,
				52781D9D17CD6E56001A32F7 /* AFJSONRequestOperation.m in Sources */,
				52781D9B17CD6E56001A32F7 /* AFHTTPRequestOperation.m in Sources */,
				52781DB817CD6E64001A32F7 /* InstagramUser.m in Sources */,
				82AC2A37189D3CDE00675776 /* IKMediaViewController.m in Sources */,
				52781D7C17CD6C85001A32F7 /* AppDelegate.m in Sources */,
				52781D8417CD6CF9001A32F7 /* fishhook.c in Sources */,
				52781D4817CD6BB9001A32F7 /* main.m in Sources */,
				52781D8517CD6CF9001A32F7 /* QuietAssertMacros.c in Sources */,
				52781D7F17CD6C85001A32F7 /* IKCollectionViewController.m in Sources */,
				52781D9C17CD6E56001A32F7 /* AFImageRequestOperation.m in Sources */,
				52781D9E17CD6E56001A32F7 /* AFNetworkActivityIndicatorManager.m in Sources */,
				52781DA217CD6E56001A32F7 /* UIImageView+AFNetworking.m in Sources */,
				52781D8017CD6C85001A32F7 /* IKLoginViewController.m in Sources */,
				52781DB417CD6E64001A32F7 /* IKUserInPhoto.m in Sources */,
				52781D7E17CD6C85001A32F7 /* IKCell.m in Sources */,
				52781DB617CD6E64001A32F7 /* InstagramMedia.m in Sources */,
				52781D9A17CD6E56001A32F7 /* AFHTTPClient.m in Sources */,
				82AC2A3A189D3E9F00675776 /* IKMediaCell.m in Sources */,
				52781D9F17CD6E56001A32F7 /* AFPropertyListRequestOperation.m in Sources */,
			);
			runOnlyForDeploymentPostprocessing = 0;
		};
		52781D5517CD6BB9001A32F7 /* Sources */ = {
			isa = PBXSourcesBuildPhase;
			buildActionMask = 2147483647;
			files = (
				52781D6717CD6BB9001A32F7 /* InstagramKitDemoTests.m in Sources */,
			);
			runOnlyForDeploymentPostprocessing = 0;
		};
/* End PBXSourcesBuildPhase section */

/* Begin PBXTargetDependency section */
		52781D5F17CD6BB9001A32F7 /* PBXTargetDependency */ = {
			isa = PBXTargetDependency;
			target = 52781D3717CD6BB9001A32F7 /* InstagramKitDemo */;
			targetProxy = 52781D5E17CD6BB9001A32F7 /* PBXContainerItemProxy */;
		};
/* End PBXTargetDependency section */

/* Begin PBXVariantGroup section */
		52781D4417CD6BB9001A32F7 /* InfoPlist.strings */ = {
			isa = PBXVariantGroup;
			children = (
				52781D4517CD6BB9001A32F7 /* en */,
			);
			name = InfoPlist.strings;
			sourceTree = "<group>";
		};
		52781D4D17CD6BB9001A32F7 /* Main.storyboard */ = {
			isa = PBXVariantGroup;
			children = (
				52781D4E17CD6BB9001A32F7 /* Base */,
			);
			name = Main.storyboard;
			sourceTree = "<group>";
		};
		52781D6317CD6BB9001A32F7 /* InfoPlist.strings */ = {
			isa = PBXVariantGroup;
			children = (
				52781D6417CD6BB9001A32F7 /* en */,
			);
			name = InfoPlist.strings;
			sourceTree = "<group>";
		};
/* End PBXVariantGroup section */

/* Begin XCBuildConfiguration section */
		52781D6817CD6BB9001A32F7 /* Debug */ = {
			isa = XCBuildConfiguration;
			buildSettings = {
				ALWAYS_SEARCH_USER_PATHS = NO;
				CLANG_CXX_LANGUAGE_STANDARD = "gnu++0x";
				CLANG_CXX_LIBRARY = "libc++";
				CLANG_ENABLE_MODULES = YES;
				CLANG_ENABLE_OBJC_ARC = YES;
				CLANG_WARN_BOOL_CONVERSION = YES;
				CLANG_WARN_CONSTANT_CONVERSION = YES;
				CLANG_WARN_DIRECT_OBJC_ISA_USAGE = YES_ERROR;
				CLANG_WARN_EMPTY_BODY = YES;
				CLANG_WARN_ENUM_CONVERSION = YES;
				CLANG_WARN_INT_CONVERSION = YES;
				CLANG_WARN_OBJC_ROOT_CLASS = YES_ERROR;
				CLANG_WARN__DUPLICATE_METHOD_MATCH = YES;
				"CODE_SIGN_IDENTITY[sdk=iphoneos*]" = "iPhone Developer";
				COPY_PHASE_STRIP = NO;
				GCC_C_LANGUAGE_STANDARD = gnu99;
				GCC_DYNAMIC_NO_PIC = NO;
				GCC_OPTIMIZATION_LEVEL = 0;
				GCC_PREPROCESSOR_DEFINITIONS = (
					"DEBUG=1",
					"$(inherited)",
				);
				GCC_SYMBOLS_PRIVATE_EXTERN = NO;
				GCC_WARN_ABOUT_RETURN_TYPE = YES_ERROR;
				GCC_WARN_UNDECLARED_SELECTOR = YES;
				GCC_WARN_UNINITIALIZED_AUTOS = YES;
				GCC_WARN_UNUSED_FUNCTION = YES;
				GCC_WARN_UNUSED_VARIABLE = YES;
				IPHONEOS_DEPLOYMENT_TARGET = 7.0;
				ONLY_ACTIVE_ARCH = YES;
				SDKROOT = iphoneos;
			};
			name = Debug;
		};
		52781D6917CD6BB9001A32F7 /* Release */ = {
			isa = XCBuildConfiguration;
			buildSettings = {
				ALWAYS_SEARCH_USER_PATHS = NO;
				CLANG_CXX_LANGUAGE_STANDARD = "gnu++0x";
				CLANG_CXX_LIBRARY = "libc++";
				CLANG_ENABLE_MODULES = YES;
				CLANG_ENABLE_OBJC_ARC = YES;
				CLANG_WARN_BOOL_CONVERSION = YES;
				CLANG_WARN_CONSTANT_CONVERSION = YES;
				CLANG_WARN_DIRECT_OBJC_ISA_USAGE = YES_ERROR;
				CLANG_WARN_EMPTY_BODY = YES;
				CLANG_WARN_ENUM_CONVERSION = YES;
				CLANG_WARN_INT_CONVERSION = YES;
				CLANG_WARN_OBJC_ROOT_CLASS = YES_ERROR;
				CLANG_WARN__DUPLICATE_METHOD_MATCH = YES;
				"CODE_SIGN_IDENTITY[sdk=iphoneos*]" = "iPhone Developer";
				COPY_PHASE_STRIP = YES;
				ENABLE_NS_ASSERTIONS = NO;
				GCC_C_LANGUAGE_STANDARD = gnu99;
				GCC_WARN_ABOUT_RETURN_TYPE = YES_ERROR;
				GCC_WARN_UNDECLARED_SELECTOR = YES;
				GCC_WARN_UNINITIALIZED_AUTOS = YES;
				GCC_WARN_UNUSED_FUNCTION = YES;
				GCC_WARN_UNUSED_VARIABLE = YES;
				IPHONEOS_DEPLOYMENT_TARGET = 7.0;
				SDKROOT = iphoneos;
				VALIDATE_PRODUCT = YES;
			};
			name = Release;
		};
		52781D6B17CD6BB9001A32F7 /* Debug */ = {
			isa = XCBuildConfiguration;
			buildSettings = {
				ASSETCATALOG_COMPILER_APPICON_NAME = AppIcon;
				ASSETCATALOG_COMPILER_LAUNCHIMAGE_NAME = LaunchImage;
				GCC_PRECOMPILE_PREFIX_HEADER = YES;
				GCC_PREFIX_HEADER = "InstagramKitDemo/InstagramKitDemo-Prefix.pch";
				INFOPLIST_FILE = "InstagramKitDemo/InstagramKitDemo-Info.plist";
				PRODUCT_NAME = "$(TARGET_NAME)";
				WRAPPER_EXTENSION = app;
			};
			name = Debug;
		};
		52781D6C17CD6BB9001A32F7 /* Release */ = {
			isa = XCBuildConfiguration;
			buildSettings = {
				ASSETCATALOG_COMPILER_APPICON_NAME = AppIcon;
				ASSETCATALOG_COMPILER_LAUNCHIMAGE_NAME = LaunchImage;
				GCC_PRECOMPILE_PREFIX_HEADER = YES;
				GCC_PREFIX_HEADER = "InstagramKitDemo/InstagramKitDemo-Prefix.pch";
				INFOPLIST_FILE = "InstagramKitDemo/InstagramKitDemo-Info.plist";
				PRODUCT_NAME = "$(TARGET_NAME)";
				WRAPPER_EXTENSION = app;
			};
			name = Release;
		};
		52781D6E17CD6BB9001A32F7 /* Debug */ = {
			isa = XCBuildConfiguration;
			buildSettings = {
				BUNDLE_LOADER = "$(BUILT_PRODUCTS_DIR)/InstagramKitDemo.app/InstagramKitDemo";
				FRAMEWORK_SEARCH_PATHS = (
					"$(SDKROOT)/Developer/Library/Frameworks",
					"$(inherited)",
					"$(DEVELOPER_FRAMEWORKS_DIR)",
				);
				GCC_PRECOMPILE_PREFIX_HEADER = YES;
				GCC_PREFIX_HEADER = "InstagramKitDemo/InstagramKitDemo-Prefix.pch";
				GCC_PREPROCESSOR_DEFINITIONS = (
					"DEBUG=1",
					"$(inherited)",
				);
				INFOPLIST_FILE = "InstagramKitDemoTests/InstagramKitDemoTests-Info.plist";
				PRODUCT_NAME = "$(TARGET_NAME)";
				TEST_HOST = "$(BUNDLE_LOADER)";
				WRAPPER_EXTENSION = xctest;
			};
			name = Debug;
		};
		52781D6F17CD6BB9001A32F7 /* Release */ = {
			isa = XCBuildConfiguration;
			buildSettings = {
				BUNDLE_LOADER = "$(BUILT_PRODUCTS_DIR)/InstagramKitDemo.app/InstagramKitDemo";
				FRAMEWORK_SEARCH_PATHS = (
					"$(SDKROOT)/Developer/Library/Frameworks",
					"$(inherited)",
					"$(DEVELOPER_FRAMEWORKS_DIR)",
				);
				GCC_PRECOMPILE_PREFIX_HEADER = YES;
				GCC_PREFIX_HEADER = "InstagramKitDemo/InstagramKitDemo-Prefix.pch";
				INFOPLIST_FILE = "InstagramKitDemoTests/InstagramKitDemoTests-Info.plist";
				PRODUCT_NAME = "$(TARGET_NAME)";
				TEST_HOST = "$(BUNDLE_LOADER)";
				WRAPPER_EXTENSION = xctest;
			};
			name = Release;
		};
/* End XCBuildConfiguration section */

/* Begin XCConfigurationList section */
		52781D3317CD6BB9001A32F7 /* Build configuration list for PBXProject "InstagramKitDemo" */ = {
			isa = XCConfigurationList;
			buildConfigurations = (
				52781D6817CD6BB9001A32F7 /* Debug */,
				52781D6917CD6BB9001A32F7 /* Release */,
			);
			defaultConfigurationIsVisible = 0;
			defaultConfigurationName = Release;
		};
		52781D6A17CD6BB9001A32F7 /* Build configuration list for PBXNativeTarget "InstagramKitDemo" */ = {
			isa = XCConfigurationList;
			buildConfigurations = (
				52781D6B17CD6BB9001A32F7 /* Debug */,
				52781D6C17CD6BB9001A32F7 /* Release */,
			);
			defaultConfigurationIsVisible = 0;
			defaultConfigurationName = Release;
		};
		52781D6D17CD6BB9001A32F7 /* Build configuration list for PBXNativeTarget "InstagramKitDemoTests" */ = {
			isa = XCConfigurationList;
			buildConfigurations = (
				52781D6E17CD6BB9001A32F7 /* Debug */,
				52781D6F17CD6BB9001A32F7 /* Release */,
			);
			defaultConfigurationIsVisible = 0;
			defaultConfigurationName = Release;
		};
/* End XCConfigurationList section */
	};
	rootObject = 52781D3017CD6BB9001A32F7 /* Project object */;
}
