// !$*UTF8*$!
{
	archiveVersion = 1;
	classes = {
	};
	objectVersion = 46;
	objects = {

/* Begin PBXBuildFile section */
		8224667C1B4C2FD000F8B5EA /* InstagramEngine.m in Sources */ = {isa = PBXBuildFile; fileRef = 8224666B1B4C2FD000F8B5EA /* InstagramEngine.m */; };
		8224667E1B4C2FD000F8B5EA /* InstagramComment.m in Sources */ = {isa = PBXBuildFile; fileRef = 8224666F1B4C2FD000F8B5EA /* InstagramComment.m */; };
		822466801B4C2FD000F8B5EA /* InstagramLocation.m in Sources */ = {isa = PBXBuildFile; fileRef = 822466711B4C2FD000F8B5EA /* InstagramLocation.m */; };
		822466821B4C2FD000F8B5EA /* InstagramMedia.m in Sources */ = {isa = PBXBuildFile; fileRef = 822466731B4C2FD000F8B5EA /* InstagramMedia.m */; };
		822466841B4C2FD000F8B5EA /* InstagramModel.m in Sources */ = {isa = PBXBuildFile; fileRef = 822466751B4C2FD000F8B5EA /* InstagramModel.m */; };
		822466861B4C2FD000F8B5EA /* InstagramPaginationInfo.m in Sources */ = {isa = PBXBuildFile; fileRef = 822466771B4C2FD000F8B5EA /* InstagramPaginationInfo.m */; };
		822466881B4C2FD000F8B5EA /* InstagramTag.m in Sources */ = {isa = PBXBuildFile; fileRef = 822466791B4C2FD000F8B5EA /* InstagramTag.m */; };
		8224668A1B4C2FD000F8B5EA /* InstagramUser.m in Sources */ = {isa = PBXBuildFile; fileRef = 8224667B1B4C2FD000F8B5EA /* InstagramUser.m */; };
		8289FCAC1B51C419000903FD /* InstagramKitConstants.m in Sources */ = {isa = PBXBuildFile; fileRef = 8289FCAB1B51C419000903FD /* InstagramKitConstants.m */; };
		CB701B571A290E15ED62FF1E /* libPods.a in Frameworks */ = {isa = PBXBuildFile; fileRef = 8D71ABA66AA07709C96A1148 /* libPods.a */; };
/* End PBXBuildFile section */

/* Begin PBXCopyFilesBuildPhase section */
		8224664D1B4C2D8A00F8B5EA /* CopyFiles */ = {
			isa = PBXCopyFilesBuildPhase;
			buildActionMask = 2147483647;
			dstPath = "include/$(PRODUCT_NAME)";
			dstSubfolderSpec = 16;
			files = (
			);
			runOnlyForDeploymentPostprocessing = 0;
		};
/* End PBXCopyFilesBuildPhase section */

/* Begin PBXFileReference section */
		07BF4E286E290D0B7202F7FF /* Pods-InstagramKit.debug.xcconfig */ = {isa = PBXFileReference; includeInIndex = 1; lastKnownFileType = text.xcconfig; name = "Pods-InstagramKit.debug.xcconfig"; path = "Pods/Target Support Files/Pods-InstagramKit/Pods-InstagramKit.debug.xcconfig"; sourceTree = "<group>"; };
		145EB38F1C91913BF0978870 /* Pods.debug.xcconfig */ = {isa = PBXFileReference; includeInIndex = 1; lastKnownFileType = text.xcconfig; name = Pods.debug.xcconfig; path = "Pods/Target Support Files/Pods/Pods.debug.xcconfig"; sourceTree = "<group>"; };
		22D3CF98EC764B4481277054 /* Pods-InstagramKit.release.xcconfig */ = {isa = PBXFileReference; includeInIndex = 1; lastKnownFileType = text.xcconfig; name = "Pods-InstagramKit.release.xcconfig"; path = "Pods/Target Support Files/Pods-InstagramKit/Pods-InstagramKit.release.xcconfig"; sourceTree = "<group>"; };
		8224664F1B4C2D8A00F8B5EA /* libInstagramKit.a */ = {isa = PBXFileReference; explicitFileType = archive.ar; includeInIndex = 0; path = libInstagramKit.a; sourceTree = BUILT_PRODUCTS_DIR; };
		8224666A1B4C2FD000F8B5EA /* InstagramEngine.h */ = {isa = PBXFileReference; fileEncoding = 4; lastKnownFileType = sourcecode.c.h; path = InstagramEngine.h; sourceTree = "<group>"; };
		8224666B1B4C2FD000F8B5EA /* InstagramEngine.m */ = {isa = PBXFileReference; fileEncoding = 4; lastKnownFileType = sourcecode.c.objc; path = InstagramEngine.m; sourceTree = "<group>"; };
		8224666C1B4C2FD000F8B5EA /* InstagramKit.h */ = {isa = PBXFileReference; fileEncoding = 4; lastKnownFileType = sourcecode.c.h; path = InstagramKit.h; sourceTree = "<group>"; };
		8224666E1B4C2FD000F8B5EA /* InstagramComment.h */ = {isa = PBXFileReference; fileEncoding = 4; lastKnownFileType = sourcecode.c.h; path = InstagramComment.h; sourceTree = "<group>"; };
		8224666F1B4C2FD000F8B5EA /* InstagramComment.m */ = {isa = PBXFileReference; fileEncoding = 4; lastKnownFileType = sourcecode.c.objc; path = InstagramComment.m; sourceTree = "<group>"; };
		822466701B4C2FD000F8B5EA /* InstagramLocation.h */ = {isa = PBXFileReference; fileEncoding = 4; lastKnownFileType = sourcecode.c.h; path = InstagramLocation.h; sourceTree = "<group>"; };
		822466711B4C2FD000F8B5EA /* InstagramLocation.m */ = {isa = PBXFileReference; fileEncoding = 4; lastKnownFileType = sourcecode.c.objc; path = InstagramLocation.m; sourceTree = "<group>"; };
		822466721B4C2FD000F8B5EA /* InstagramMedia.h */ = {isa = PBXFileReference; fileEncoding = 4; lastKnownFileType = sourcecode.c.h; path = InstagramMedia.h; sourceTree = "<group>"; };
		822466731B4C2FD000F8B5EA /* InstagramMedia.m */ = {isa = PBXFileReference; fileEncoding = 4; lastKnownFileType = sourcecode.c.objc; path = InstagramMedia.m; sourceTree = "<group>"; };
		822466741B4C2FD000F8B5EA /* InstagramModel.h */ = {isa = PBXFileReference; fileEncoding = 4; lastKnownFileType = sourcecode.c.h; path = InstagramModel.h; sourceTree = "<group>"; };
		822466751B4C2FD000F8B5EA /* InstagramModel.m */ = {isa = PBXFileReference; fileEncoding = 4; lastKnownFileType = sourcecode.c.objc; path = InstagramModel.m; sourceTree = "<group>"; };
		822466761B4C2FD000F8B5EA /* InstagramPaginationInfo.h */ = {isa = PBXFileReference; fileEncoding = 4; lastKnownFileType = sourcecode.c.h; path = InstagramPaginationInfo.h; sourceTree = "<group>"; };
		822466771B4C2FD000F8B5EA /* InstagramPaginationInfo.m */ = {isa = PBXFileReference; fileEncoding = 4; lastKnownFileType = sourcecode.c.objc; path = InstagramPaginationInfo.m; sourceTree = "<group>"; };
		822466781B4C2FD000F8B5EA /* InstagramTag.h */ = {isa = PBXFileReference; fileEncoding = 4; lastKnownFileType = sourcecode.c.h; path = InstagramTag.h; sourceTree = "<group>"; };
		822466791B4C2FD000F8B5EA /* InstagramTag.m */ = {isa = PBXFileReference; fileEncoding = 4; lastKnownFileType = sourcecode.c.objc; path = InstagramTag.m; sourceTree = "<group>"; };
		8224667A1B4C2FD000F8B5EA /* InstagramUser.h */ = {isa = PBXFileReference; fileEncoding = 4; lastKnownFileType = sourcecode.c.h; path = InstagramUser.h; sourceTree = "<group>"; };
		8224667B1B4C2FD000F8B5EA /* InstagramUser.m */ = {isa = PBXFileReference; fileEncoding = 4; lastKnownFileType = sourcecode.c.objc; path = InstagramUser.m; sourceTree = "<group>"; };
		8289FCAB1B51C419000903FD /* InstagramKitConstants.m */ = {isa = PBXFileReference; fileEncoding = 4; lastKnownFileType = sourcecode.c.objc; path = InstagramKitConstants.m; sourceTree = "<group>"; };
		8289FCAD1B51C42E000903FD /* InstagramKitConstants.h */ = {isa = PBXFileReference; lastKnownFileType = sourcecode.c.h; path = InstagramKitConstants.h; sourceTree = "<group>"; };
		8D71ABA66AA07709C96A1148 /* libPods.a */ = {isa = PBXFileReference; explicitFileType = archive.ar; includeInIndex = 0; path = libPods.a; sourceTree = BUILT_PRODUCTS_DIR; };
		A62AD4BB7D5AE07DF04ACAD7 /* Pods.release.xcconfig */ = {isa = PBXFileReference; includeInIndex = 1; lastKnownFileType = text.xcconfig; name = Pods.release.xcconfig; path = "Pods/Target Support Files/Pods/Pods.release.xcconfig"; sourceTree = "<group>"; };
		CAAFACF6E29667CA9EEF7C20 /* libPods-InstagramKit.a */ = {isa = PBXFileReference; explicitFileType = archive.ar; includeInIndex = 0; path = "libPods-InstagramKit.a"; sourceTree = BUILT_PRODUCTS_DIR; };
/* End PBXFileReference section */

/* Begin PBXFrameworksBuildPhase section */
		8224664C1B4C2D8A00F8B5EA /* Frameworks */ = {
			isa = PBXFrameworksBuildPhase;
			buildActionMask = 2147483647;
			files = (
				CB701B571A290E15ED62FF1E /* libPods.a in Frameworks */,
			);
			runOnlyForDeploymentPostprocessing = 0;
		};
/* End PBXFrameworksBuildPhase section */

/* Begin PBXGroup section */
		61AE4BABF7E3863CA217EAEF /* Pods */ = {
			isa = PBXGroup;
			children = (
				07BF4E286E290D0B7202F7FF /* Pods-InstagramKit.debug.xcconfig */,
				22D3CF98EC764B4481277054 /* Pods-InstagramKit.release.xcconfig */,
				145EB38F1C91913BF0978870 /* Pods.debug.xcconfig */,
				A62AD4BB7D5AE07DF04ACAD7 /* Pods.release.xcconfig */,
			);
			name = Pods;
			sourceTree = "<group>";
		};
		822466461B4C2D8A00F8B5EA = {
			isa = PBXGroup;
			children = (
				822466511B4C2D8A00F8B5EA /* InstagramKit */,
				822466501B4C2D8A00F8B5EA /* Products */,
				61AE4BABF7E3863CA217EAEF /* Pods */,
				B7153832B971838CED8AEC18 /* Frameworks */,
			);
			sourceTree = "<group>";
		};
		822466501B4C2D8A00F8B5EA /* Products */ = {
			isa = PBXGroup;
			children = (
				8224664F1B4C2D8A00F8B5EA /* libInstagramKit.a */,
			);
			name = Products;
			sourceTree = "<group>";
		};
		822466511B4C2D8A00F8B5EA /* InstagramKit */ = {
			isa = PBXGroup;
			children = (
				8224666C1B4C2FD000F8B5EA /* InstagramKit.h */,
				8289FCAD1B51C42E000903FD /* InstagramKitConstants.h */,
				8289FCAB1B51C419000903FD /* InstagramKitConstants.m */,
				822466691B4C2FD000F8B5EA /* Engine */,
				8224666D1B4C2FD000F8B5EA /* Models */,
			);
			path = InstagramKit;
			sourceTree = "<group>";
		};
		822466691B4C2FD000F8B5EA /* Engine */ = {
			isa = PBXGroup;
			children = (
				8224666A1B4C2FD000F8B5EA /* InstagramEngine.h */,
				8224666B1B4C2FD000F8B5EA /* InstagramEngine.m */,
			);
			path = Engine;
			sourceTree = "<group>";
		};
		8224666D1B4C2FD000F8B5EA /* Models */ = {
			isa = PBXGroup;
			children = (
				8224666E1B4C2FD000F8B5EA /* InstagramComment.h */,
				8224666F1B4C2FD000F8B5EA /* InstagramComment.m */,
				822466701B4C2FD000F8B5EA /* InstagramLocation.h */,
				822466711B4C2FD000F8B5EA /* InstagramLocation.m */,
				822466721B4C2FD000F8B5EA /* InstagramMedia.h */,
				822466731B4C2FD000F8B5EA /* InstagramMedia.m */,
				822466741B4C2FD000F8B5EA /* InstagramModel.h */,
				822466751B4C2FD000F8B5EA /* InstagramModel.m */,
				822466761B4C2FD000F8B5EA /* InstagramPaginationInfo.h */,
				822466771B4C2FD000F8B5EA /* InstagramPaginationInfo.m */,
				822466781B4C2FD000F8B5EA /* InstagramTag.h */,
				822466791B4C2FD000F8B5EA /* InstagramTag.m */,
				8224667A1B4C2FD000F8B5EA /* InstagramUser.h */,
				8224667B1B4C2FD000F8B5EA /* InstagramUser.m */,
			);
			path = Models;
			sourceTree = "<group>";
		};
		B7153832B971838CED8AEC18 /* Frameworks */ = {
			isa = PBXGroup;
			children = (
				CAAFACF6E29667CA9EEF7C20 /* libPods-InstagramKit.a */,
				8D71ABA66AA07709C96A1148 /* libPods.a */,
			);
			name = Frameworks;
			sourceTree = "<group>";
		};
/* End PBXGroup section */

/* Begin PBXNativeTarget section */
		8224664E1B4C2D8A00F8B5EA /* InstagramKit */ = {
			isa = PBXNativeTarget;
			buildConfigurationList = 822466631B4C2D8A00F8B5EA /* Build configuration list for PBXNativeTarget "InstagramKit" */;
			buildPhases = (
				BEF61D59C959607747D3FFB5 /* Check Pods Manifest.lock */,
				8224664B1B4C2D8A00F8B5EA /* Sources */,
				8224664C1B4C2D8A00F8B5EA /* Frameworks */,
				8224664D1B4C2D8A00F8B5EA /* CopyFiles */,
				CC182164E1D9017650CD5969 /* Copy Pods Resources */,
			);
			buildRules = (
			);
			dependencies = (
			);
			name = InstagramKit;
			productName = InstagramKit;
			productReference = 8224664F1B4C2D8A00F8B5EA /* libInstagramKit.a */;
			productType = "com.apple.product-type.library.static";
		};
/* End PBXNativeTarget section */

/* Begin PBXProject section */
		822466471B4C2D8A00F8B5EA /* Project object */ = {
			isa = PBXProject;
			attributes = {
				LastUpgradeCheck = 0640;
				ORGANIZATIONNAME = InstagramKit;
				TargetAttributes = {
					8224664E1B4C2D8A00F8B5EA = {
						CreatedOnToolsVersion = 6.4;
					};
				};
			};
			buildConfigurationList = 8224664A1B4C2D8A00F8B5EA /* Build configuration list for PBXProject "InstagramKit" */;
			compatibilityVersion = "Xcode 3.2";
			developmentRegion = English;
			hasScannedForEncodings = 0;
			knownRegions = (
				en,
			);
			mainGroup = 822466461B4C2D8A00F8B5EA;
			productRefGroup = 822466501B4C2D8A00F8B5EA /* Products */;
			projectDirPath = "";
			projectRoot = "";
			targets = (
				8224664E1B4C2D8A00F8B5EA /* InstagramKit */,
			);
		};
/* End PBXProject section */

/* Begin PBXShellScriptBuildPhase section */
		BEF61D59C959607747D3FFB5 /* Check Pods Manifest.lock */ = {
			isa = PBXShellScriptBuildPhase;
			buildActionMask = 2147483647;
			files = (
			);
			inputPaths = (
			);
			name = "Check Pods Manifest.lock";
			outputPaths = (
			);
			runOnlyForDeploymentPostprocessing = 0;
			shellPath = /bin/sh;
			shellScript = "diff \"${PODS_ROOT}/../Podfile.lock\" \"${PODS_ROOT}/Manifest.lock\" > /dev/null\nif [[ $? != 0 ]] ; then\n    cat << EOM\nerror: The sandbox is not in sync with the Podfile.lock. Run 'pod install' or update your CocoaPods installation.\nEOM\n    exit 1\nfi\n";
			showEnvVarsInLog = 0;
		};
		CC182164E1D9017650CD5969 /* Copy Pods Resources */ = {
			isa = PBXShellScriptBuildPhase;
			buildActionMask = 2147483647;
			files = (
			);
			inputPaths = (
			);
			name = "Copy Pods Resources";
			outputPaths = (
			);
			runOnlyForDeploymentPostprocessing = 0;
			shellPath = /bin/sh;
			shellScript = "\"${SRCROOT}/Pods/Target Support Files/Pods/Pods-resources.sh\"\n";
			showEnvVarsInLog = 0;
		};
/* End PBXShellScriptBuildPhase section */

/* Begin PBXSourcesBuildPhase section */
		8224664B1B4C2D8A00F8B5EA /* Sources */ = {
			isa = PBXSourcesBuildPhase;
			buildActionMask = 2147483647;
			files = (
				822466861B4C2FD000F8B5EA /* InstagramPaginationInfo.m in Sources */,
				822466801B4C2FD000F8B5EA /* InstagramLocation.m in Sources */,
				822466841B4C2FD000F8B5EA /* InstagramModel.m in Sources */,
				8289FCAC1B51C419000903FD /* InstagramKitConstants.m in Sources */,
				822466881B4C2FD000F8B5EA /* InstagramTag.m in Sources */,
				822466821B4C2FD000F8B5EA /* InstagramMedia.m in Sources */,
				8224667E1B4C2FD000F8B5EA /* InstagramComment.m in Sources */,
				8224667C1B4C2FD000F8B5EA /* InstagramEngine.m in Sources */,
				8224668A1B4C2FD000F8B5EA /* InstagramUser.m in Sources */,
			);
			runOnlyForDeploymentPostprocessing = 0;
		};
/* End PBXSourcesBuildPhase section */

/* Begin XCBuildConfiguration section */
		822466611B4C2D8A00F8B5EA /* Debug */ = {
			isa = XCBuildConfiguration;
			buildSettings = {
				ALWAYS_SEARCH_USER_PATHS = NO;
				CLANG_CXX_LANGUAGE_STANDARD = "gnu++0x";
				CLANG_CXX_LIBRARY = "libc++";
				CLANG_ENABLE_MODULES = YES;
				CLANG_ENABLE_OBJC_ARC = YES;
				CLANG_WARN_BOOL_CONVERSION = YES;
				CLANG_WARN_CONSTANT_CONVERSION = YES;
				CLANG_WARN_DIRECT_OBJC_ISA_USAGE = YES_ERROR;
				CLANG_WARN_EMPTY_BODY = YES;
				CLANG_WARN_ENUM_CONVERSION = YES;
				CLANG_WARN_INT_CONVERSION = YES;
				CLANG_WARN_OBJC_ROOT_CLASS = YES_ERROR;
				CLANG_WARN_UNREACHABLE_CODE = YES;
				CLANG_WARN__DUPLICATE_METHOD_MATCH = YES;
				COPY_PHASE_STRIP = NO;
				DEBUG_INFORMATION_FORMAT = "dwarf-with-dsym";
				ENABLE_STRICT_OBJC_MSGSEND = YES;
				GCC_C_LANGUAGE_STANDARD = gnu99;
				GCC_DYNAMIC_NO_PIC = NO;
				GCC_NO_COMMON_BLOCKS = YES;
				GCC_OPTIMIZATION_LEVEL = 0;
				GCC_PREPROCESSOR_DEFINITIONS = (
					"DEBUG=1",
					"$(inherited)",
				);
				GCC_SYMBOLS_PRIVATE_EXTERN = NO;
				GCC_WARN_64_TO_32_BIT_CONVERSION = YES;
				GCC_WARN_ABOUT_RETURN_TYPE = YES_ERROR;
				GCC_WARN_UNDECLARED_SELECTOR = YES;
				GCC_WARN_UNINITIALIZED_AUTOS = YES_AGGRESSIVE;
				GCC_WARN_UNUSED_FUNCTION = YES;
				GCC_WARN_UNUSED_VARIABLE = YES;
				IPHONEOS_DEPLOYMENT_TARGET = 6.0;
				MTL_ENABLE_DEBUG_INFO = YES;
				ONLY_ACTIVE_ARCH = YES;
				SDKROOT = iphoneos;
			};
			name = Debug;
		};
		822466621B4C2D8A00F8B5EA /* Release */ = {
			isa = XCBuildConfiguration;
			buildSettings = {
				ALWAYS_SEARCH_USER_PATHS = NO;
				CLANG_CXX_LANGUAGE_STANDARD = "gnu++0x";
				CLANG_CXX_LIBRARY = "libc++";
				CLANG_ENABLE_MODULES = YES;
				CLANG_ENABLE_OBJC_ARC = YES;
				CLANG_WARN_BOOL_CONVERSION = YES;
				CLANG_WARN_CONSTANT_CONVERSION = YES;
				CLANG_WARN_DIRECT_OBJC_ISA_USAGE = YES_ERROR;
				CLANG_WARN_EMPTY_BODY = YES;
				CLANG_WARN_ENUM_CONVERSION = YES;
				CLANG_WARN_INT_CONVERSION = YES;
				CLANG_WARN_OBJC_ROOT_CLASS = YES_ERROR;
				CLANG_WARN_UNREACHABLE_CODE = YES;
				CLANG_WARN__DUPLICATE_METHOD_MATCH = YES;
				COPY_PHASE_STRIP = NO;
				DEBUG_INFORMATION_FORMAT = "dwarf-with-dsym";
				ENABLE_NS_ASSERTIONS = NO;
				ENABLE_STRICT_OBJC_MSGSEND = YES;
				GCC_C_LANGUAGE_STANDARD = gnu99;
				GCC_NO_COMMON_BLOCKS = YES;
				GCC_WARN_64_TO_32_BIT_CONVERSION = YES;
				GCC_WARN_ABOUT_RETURN_TYPE = YES_ERROR;
				GCC_WARN_UNDECLARED_SELECTOR = YES;
				GCC_WARN_UNINITIALIZED_AUTOS = YES_AGGRESSIVE;
				GCC_WARN_UNUSED_FUNCTION = YES;
				GCC_WARN_UNUSED_VARIABLE = YES;
				IPHONEOS_DEPLOYMENT_TARGET = 6.0;
				MTL_ENABLE_DEBUG_INFO = NO;
				SDKROOT = iphoneos;
				VALIDATE_PRODUCT = YES;
			};
			name = Release;
		};
		822466641B4C2D8A00F8B5EA /* Debug */ = {
			isa = XCBuildConfiguration;
			baseConfigurationReference = 145EB38F1C91913BF0978870 /* Pods.debug.xcconfig */;
			buildSettings = {
				PRODUCT_NAME = "$(TARGET_NAME)";
				SKIP_INSTALL = YES;
			};
			name = Debug;
		};
		822466651B4C2D8A00F8B5EA /* Release */ = {
			isa = XCBuildConfiguration;
			baseConfigurationReference = A62AD4BB7D5AE07DF04ACAD7 /* Pods.release.xcconfig */;
			buildSettings = {
				PRODUCT_NAME = "$(TARGET_NAME)";
				SKIP_INSTALL = YES;
			};
			name = Release;
		};
/* End XCBuildConfiguration section */

/* Begin XCConfigurationList section */
		8224664A1B4C2D8A00F8B5EA /* Build configuration list for PBXProject "InstagramKit" */ = {
			isa = XCConfigurationList;
			buildConfigurations = (
				822466611B4C2D8A00F8B5EA /* Debug */,
				822466621B4C2D8A00F8B5EA /* Release */,
			);
			defaultConfigurationIsVisible = 0;
			defaultConfigurationName = Release;
		};
		822466631B4C2D8A00F8B5EA /* Build configuration list for PBXNativeTarget "InstagramKit" */ = {
			isa = XCConfigurationList;
			buildConfigurations = (
				822466641B4C2D8A00F8B5EA /* Debug */,
				822466651B4C2D8A00F8B5EA /* Release */,
			);
			defaultConfigurationIsVisible = 0;
			defaultConfigurationName = Release;
		};
/* End XCConfigurationList section */
	};
	rootObject = 822466471B4C2D8A00F8B5EA /* Project object */;
}
